// !$*UTF8*$!
{
	archiveVersion = 1;
	classes = {
	};
	objectVersion = 50;
	objects = {

/* Begin PBXBuildFile section */
		BF1ED08B2840ED3F00D6B380 /* PowerAuth2ForExtensionsTests.m in Sources */ = {isa = PBXBuildFile; fileRef = BF1ED08A2840ED3F00D6B380 /* PowerAuth2ForExtensionsTests.m */; };
		BF1ED08C2840ED3F00D6B380 /* PowerAuth2ForExtensions.framework in Frameworks */ = {isa = PBXBuildFile; fileRef = BF44F272263C3B0F00F3D498 /* PowerAuth2ForExtensions.framework */; };
		BF1ED0962840F44200D6B380 /* PowerAuth2ForExtensionsTests.m in Sources */ = {isa = PBXBuildFile; fileRef = BF1ED08A2840ED3F00D6B380 /* PowerAuth2ForExtensionsTests.m */; };
		BF1ED0A12840F4B900D6B380 /* PowerAuth2ForExtensions.framework in Frameworks */ = {isa = PBXBuildFile; fileRef = BF44F309263C403600F3D498 /* PowerAuth2ForExtensions.framework */; };
		BF1ED0A6284104B500D6B380 /* PowerAuthKeychainAuthentication.m in Sources */ = {isa = PBXBuildFile; fileRef = BF1ED0A4284104B400D6B380 /* PowerAuthKeychainAuthentication.m */; };
		BF1ED0A7284104B500D6B380 /* PowerAuthKeychainAuthentication.m in Sources */ = {isa = PBXBuildFile; fileRef = BF1ED0A4284104B400D6B380 /* PowerAuthKeychainAuthentication.m */; };
		BF1ED0A8284104B500D6B380 /* PowerAuthKeychainAuthentication.h in Headers */ = {isa = PBXBuildFile; fileRef = BF1ED0A5284104B400D6B380 /* PowerAuthKeychainAuthentication.h */; settings = {ATTRIBUTES = (Public, ); }; };
		BF1ED0A9284104B500D6B380 /* PowerAuthKeychainAuthentication.h in Headers */ = {isa = PBXBuildFile; fileRef = BF1ED0A5284104B400D6B380 /* PowerAuthKeychainAuthentication.h */; settings = {ATTRIBUTES = (Public, ); }; };
		BF1ED0B12844CE4B00D6B380 /* PowerAuthOperationTask.h in Headers */ = {isa = PBXBuildFile; fileRef = BF1ED0B02844CE4B00D6B380 /* PowerAuthOperationTask.h */; settings = {ATTRIBUTES = (Public, ); }; };
		BF1ED0B22844CE4B00D6B380 /* PowerAuthOperationTask.h in Headers */ = {isa = PBXBuildFile; fileRef = BF1ED0B02844CE4B00D6B380 /* PowerAuthOperationTask.h */; settings = {ATTRIBUTES = (Public, ); }; };
		BF1ED0D12847776B00D6B380 /* PA2GroupedTask.h in Headers */ = {isa = PBXBuildFile; fileRef = BF1ED0CF2847776B00D6B380 /* PA2GroupedTask.h */; };
		BF1ED0D22847776B00D6B380 /* PA2GroupedTask.h in Headers */ = {isa = PBXBuildFile; fileRef = BF1ED0CF2847776B00D6B380 /* PA2GroupedTask.h */; };
		BF1ED0D32847776B00D6B380 /* PA2GroupedTask.m in Sources */ = {isa = PBXBuildFile; fileRef = BF1ED0D02847776B00D6B380 /* PA2GroupedTask.m */; };
		BF1ED0D42847776B00D6B380 /* PA2GroupedTask.m in Sources */ = {isa = PBXBuildFile; fileRef = BF1ED0D02847776B00D6B380 /* PA2GroupedTask.m */; };
		BF1ED0D72847778500D6B380 /* PA2CreateTokenTask.h in Headers */ = {isa = PBXBuildFile; fileRef = BF1ED0D52847778500D6B380 /* PA2CreateTokenTask.h */; };
		BF1ED0D82847778500D6B380 /* PA2CreateTokenTask.h in Headers */ = {isa = PBXBuildFile; fileRef = BF1ED0D52847778500D6B380 /* PA2CreateTokenTask.h */; };
		BF1ED0D92847778500D6B380 /* PA2CreateTokenTask.m in Sources */ = {isa = PBXBuildFile; fileRef = BF1ED0D62847778500D6B380 /* PA2CreateTokenTask.m */; };
		BF1ED0DA2847778500D6B380 /* PA2CreateTokenTask.m in Sources */ = {isa = PBXBuildFile; fileRef = BF1ED0D62847778500D6B380 /* PA2CreateTokenTask.m */; };
		BF44F277263C3B0F00F3D498 /* PowerAuth2ForExtensions.h in Headers */ = {isa = PBXBuildFile; fileRef = BF44F275263C3B0F00F3D498 /* PowerAuth2ForExtensions.h */; settings = {ATTRIBUTES = (Public, ); }; };
		BF44F28C263C3BF400F3D498 /* PA2SessionStatusDataReader.m in Sources */ = {isa = PBXBuildFile; fileRef = BF44F281263C3BF400F3D498 /* PA2SessionStatusDataReader.m */; };
		BF44F28D263C3BF400F3D498 /* PA2PrivateConstants.h in Headers */ = {isa = PBXBuildFile; fileRef = BF44F282263C3BF400F3D498 /* PA2PrivateConstants.h */; };
		BF44F28E263C3BF400F3D498 /* PA2PrivateRemoteTokenProvider.h in Headers */ = {isa = PBXBuildFile; fileRef = BF44F283263C3BF400F3D498 /* PA2PrivateRemoteTokenProvider.h */; };
		BF44F28F263C3BF400F3D498 /* PA2PrivateTokenKeychainStore.m in Sources */ = {isa = PBXBuildFile; fileRef = BF44F284263C3BF400F3D498 /* PA2PrivateTokenKeychainStore.m */; };
		BF44F290263C3BF400F3D498 /* PA2CoreCryptoUtils.h in Headers */ = {isa = PBXBuildFile; fileRef = BF44F285263C3BF400F3D498 /* PA2CoreCryptoUtils.h */; };
		BF44F291263C3BF400F3D498 /* PA2PrivateTokenData.h in Headers */ = {isa = PBXBuildFile; fileRef = BF44F286263C3BF400F3D498 /* PA2PrivateTokenData.h */; };
		BF44F292263C3BF400F3D498 /* PA2SessionStatusDataReader.h in Headers */ = {isa = PBXBuildFile; fileRef = BF44F287263C3BF400F3D498 /* PA2SessionStatusDataReader.h */; };
		BF44F293263C3BF400F3D498 /* PA2PrivateTokenKeychainStore.h in Headers */ = {isa = PBXBuildFile; fileRef = BF44F288263C3BF400F3D498 /* PA2PrivateTokenKeychainStore.h */; };
		BF44F294263C3BF400F3D498 /* PA2PrivateTokenData.m in Sources */ = {isa = PBXBuildFile; fileRef = BF44F289263C3BF400F3D498 /* PA2PrivateTokenData.m */; };
		BF44F295263C3BF400F3D498 /* PA2CoreCryptoUtils.m in Sources */ = {isa = PBXBuildFile; fileRef = BF44F28A263C3BF400F3D498 /* PA2CoreCryptoUtils.m */; };
		BF44F296263C3BF400F3D498 /* PA2PrivateTokenInterfaces.h in Headers */ = {isa = PBXBuildFile; fileRef = BF44F28B263C3BF400F3D498 /* PA2PrivateTokenInterfaces.h */; };
		BF44F2B5263C3C7000F3D498 /* PowerAuthConfiguration.m in Sources */ = {isa = PBXBuildFile; fileRef = BF44F2A0263C3C6E00F3D498 /* PowerAuthConfiguration.m */; };
		BF44F2B6263C3C7000F3D498 /* PowerAuthKeychain.m in Sources */ = {isa = PBXBuildFile; fileRef = BF44F2A1263C3C6E00F3D498 /* PowerAuthKeychain.m */; };
		BF44F2B7263C3C7000F3D498 /* PowerAuthErrorConstants.m in Sources */ = {isa = PBXBuildFile; fileRef = BF44F2A2263C3C6F00F3D498 /* PowerAuthErrorConstants.m */; };
		BF44F2B8263C3C7000F3D498 /* PowerAuthExtensionSDK.m in Sources */ = {isa = PBXBuildFile; fileRef = BF44F2A3263C3C6F00F3D498 /* PowerAuthExtensionSDK.m */; };
		BF44F2B9263C3C7000F3D498 /* PowerAuthSystem.h in Headers */ = {isa = PBXBuildFile; fileRef = BF44F2A4263C3C6F00F3D498 /* PowerAuthSystem.h */; settings = {ATTRIBUTES = (Public, ); }; };
		BF44F2BA263C3C7000F3D498 /* PowerAuthKeychainConfiguration.m in Sources */ = {isa = PBXBuildFile; fileRef = BF44F2A6263C3C6F00F3D498 /* PowerAuthKeychainConfiguration.m */; };
		BF44F2BB263C3C7000F3D498 /* PowerAuthLog.h in Headers */ = {isa = PBXBuildFile; fileRef = BF44F2A7263C3C6F00F3D498 /* PowerAuthLog.h */; settings = {ATTRIBUTES = (Public, ); }; };
		BF44F2BC263C3C7000F3D498 /* PowerAuthConfiguration.h in Headers */ = {isa = PBXBuildFile; fileRef = BF44F2A8263C3C6F00F3D498 /* PowerAuthConfiguration.h */; settings = {ATTRIBUTES = (Public, ); }; };
		BF44F2BD263C3C7000F3D498 /* PowerAuthSystem.m in Sources */ = {isa = PBXBuildFile; fileRef = BF44F2A9263C3C6F00F3D498 /* PowerAuthSystem.m */; };
		BF44F2BE263C3C7000F3D498 /* PowerAuthExtensionSDK.h in Headers */ = {isa = PBXBuildFile; fileRef = BF44F2AA263C3C6F00F3D498 /* PowerAuthExtensionSDK.h */; settings = {ATTRIBUTES = (Public, ); }; };
		BF44F2BF263C3C7000F3D498 /* PowerAuthKeychain.h in Headers */ = {isa = PBXBuildFile; fileRef = BF44F2AB263C3C6F00F3D498 /* PowerAuthKeychain.h */; settings = {ATTRIBUTES = (Public, ); }; };
		BF44F2C0263C3C7000F3D498 /* PowerAuthKeychainConfiguration.h in Headers */ = {isa = PBXBuildFile; fileRef = BF44F2AC263C3C6F00F3D498 /* PowerAuthKeychainConfiguration.h */; settings = {ATTRIBUTES = (Public, ); }; };
		BF44F2C1263C3C7000F3D498 /* PowerAuthErrorConstants.h in Headers */ = {isa = PBXBuildFile; fileRef = BF44F2AD263C3C6F00F3D498 /* PowerAuthErrorConstants.h */; settings = {ATTRIBUTES = (Public, ); }; };
		BF44F2C2263C3C7000F3D498 /* PowerAuthAuthentication.h in Headers */ = {isa = PBXBuildFile; fileRef = BF44F2AE263C3C6F00F3D498 /* PowerAuthAuthentication.h */; settings = {ATTRIBUTES = (Public, ); }; };
		BF44F2C3263C3C7000F3D498 /* PowerAuthMacros.h in Headers */ = {isa = PBXBuildFile; fileRef = BF44F2AF263C3C6F00F3D498 /* PowerAuthMacros.h */; settings = {ATTRIBUTES = (Public, ); }; };
		BF44F2C4263C3C7000F3D498 /* PowerAuthAuthorizationHttpHeader.m in Sources */ = {isa = PBXBuildFile; fileRef = BF44F2B0263C3C6F00F3D498 /* PowerAuthAuthorizationHttpHeader.m */; };
		BF44F2C5263C3C7000F3D498 /* PowerAuthLog.m in Sources */ = {isa = PBXBuildFile; fileRef = BF44F2B1263C3C7000F3D498 /* PowerAuthLog.m */; };
		BF44F2C6263C3C7000F3D498 /* PowerAuthAuthorizationHttpHeader.h in Headers */ = {isa = PBXBuildFile; fileRef = BF44F2B2263C3C7000F3D498 /* PowerAuthAuthorizationHttpHeader.h */; settings = {ATTRIBUTES = (Public, ); }; };
		BF44F2C7263C3C7000F3D498 /* PowerAuthAuthentication.m in Sources */ = {isa = PBXBuildFile; fileRef = BF44F2B3263C3C7000F3D498 /* PowerAuthAuthentication.m */; };
		BF44F2C8263C3C7000F3D498 /* PowerAuthSessionStatusProvider.h in Headers */ = {isa = PBXBuildFile; fileRef = BF44F2B4263C3C7000F3D498 /* PowerAuthSessionStatusProvider.h */; settings = {ATTRIBUTES = (Public, ); }; };
		BF44F2D2263C3E8F00F3D498 /* PA2PrivateMacros.m in Sources */ = {isa = PBXBuildFile; fileRef = BF44F2D0263C3E8F00F3D498 /* PA2PrivateMacros.m */; };
		BF44F2D3263C3E8F00F3D498 /* PA2PrivateMacros.h in Headers */ = {isa = PBXBuildFile; fileRef = BF44F2D1263C3E8F00F3D498 /* PA2PrivateMacros.h */; };
		BF44F2D8263C3F5100F3D498 /* PowerAuthToken.h in Headers */ = {isa = PBXBuildFile; fileRef = BF44F2D6263C3F5100F3D498 /* PowerAuthToken.h */; settings = {ATTRIBUTES = (Public, ); }; };
		BF44F2D9263C3F5100F3D498 /* PowerAuthToken.m in Sources */ = {isa = PBXBuildFile; fileRef = BF44F2D7263C3F5100F3D498 /* PowerAuthToken.m */; };
		BF44F2DF263C403600F3D498 /* PA2PrivateTokenKeychainStore.h in Headers */ = {isa = PBXBuildFile; fileRef = BF44F288263C3BF400F3D498 /* PA2PrivateTokenKeychainStore.h */; };
		BF44F2E0263C403600F3D498 /* PowerAuthLog.h in Headers */ = {isa = PBXBuildFile; fileRef = BF44F2A7263C3C6F00F3D498 /* PowerAuthLog.h */; settings = {ATTRIBUTES = (Public, ); }; };
		BF44F2E1263C403600F3D498 /* PA2SessionStatusDataReader.h in Headers */ = {isa = PBXBuildFile; fileRef = BF44F287263C3BF400F3D498 /* PA2SessionStatusDataReader.h */; };
		BF44F2E2263C403600F3D498 /* PowerAuthExtensionSDK.h in Headers */ = {isa = PBXBuildFile; fileRef = BF44F2AA263C3C6F00F3D498 /* PowerAuthExtensionSDK.h */; settings = {ATTRIBUTES = (Public, ); }; };
		BF44F2E3263C403600F3D498 /* PowerAuthKeychainConfiguration.h in Headers */ = {isa = PBXBuildFile; fileRef = BF44F2AC263C3C6F00F3D498 /* PowerAuthKeychainConfiguration.h */; settings = {ATTRIBUTES = (Public, ); }; };
		BF44F2E4263C403600F3D498 /* PowerAuthKeychain.h in Headers */ = {isa = PBXBuildFile; fileRef = BF44F2AB263C3C6F00F3D498 /* PowerAuthKeychain.h */; settings = {ATTRIBUTES = (Public, ); }; };
		BF44F2E5263C403600F3D498 /* PowerAuthToken.h in Headers */ = {isa = PBXBuildFile; fileRef = BF44F2D6263C3F5100F3D498 /* PowerAuthToken.h */; settings = {ATTRIBUTES = (Public, ); }; };
		BF44F2E6263C403600F3D498 /* PowerAuthErrorConstants.h in Headers */ = {isa = PBXBuildFile; fileRef = BF44F2AD263C3C6F00F3D498 /* PowerAuthErrorConstants.h */; settings = {ATTRIBUTES = (Public, ); }; };
		BF44F2E7263C403600F3D498 /* PA2CoreCryptoUtils.h in Headers */ = {isa = PBXBuildFile; fileRef = BF44F285263C3BF400F3D498 /* PA2CoreCryptoUtils.h */; };
		BF44F2E8263C403600F3D498 /* PowerAuthConfiguration.h in Headers */ = {isa = PBXBuildFile; fileRef = BF44F2A8263C3C6F00F3D498 /* PowerAuthConfiguration.h */; settings = {ATTRIBUTES = (Public, ); }; };
		BF44F2E9263C403600F3D498 /* PA2PrivateConstants.h in Headers */ = {isa = PBXBuildFile; fileRef = BF44F282263C3BF400F3D498 /* PA2PrivateConstants.h */; };
		BF44F2EA263C403600F3D498 /* PowerAuthSessionStatusProvider.h in Headers */ = {isa = PBXBuildFile; fileRef = BF44F2B4263C3C7000F3D498 /* PowerAuthSessionStatusProvider.h */; settings = {ATTRIBUTES = (Public, ); }; };
		BF44F2EB263C403600F3D498 /* PowerAuthSystem.h in Headers */ = {isa = PBXBuildFile; fileRef = BF44F2A4263C3C6F00F3D498 /* PowerAuthSystem.h */; settings = {ATTRIBUTES = (Public, ); }; };
		BF44F2EC263C403600F3D498 /* PA2PrivateTokenInterfaces.h in Headers */ = {isa = PBXBuildFile; fileRef = BF44F28B263C3BF400F3D498 /* PA2PrivateTokenInterfaces.h */; };
		BF44F2ED263C403600F3D498 /* PowerAuthMacros.h in Headers */ = {isa = PBXBuildFile; fileRef = BF44F2AF263C3C6F00F3D498 /* PowerAuthMacros.h */; settings = {ATTRIBUTES = (Public, ); }; };
		BF44F2EE263C403600F3D498 /* PowerAuthAuthorizationHttpHeader.h in Headers */ = {isa = PBXBuildFile; fileRef = BF44F2B2263C3C7000F3D498 /* PowerAuthAuthorizationHttpHeader.h */; settings = {ATTRIBUTES = (Public, ); }; };
		BF44F2EF263C403600F3D498 /* PA2PrivateTokenData.h in Headers */ = {isa = PBXBuildFile; fileRef = BF44F286263C3BF400F3D498 /* PA2PrivateTokenData.h */; };
		BF44F2F0263C403600F3D498 /* PowerAuth2ForExtensions.h in Headers */ = {isa = PBXBuildFile; fileRef = BF44F275263C3B0F00F3D498 /* PowerAuth2ForExtensions.h */; settings = {ATTRIBUTES = (Public, ); }; };
		BF44F2F1263C403600F3D498 /* PowerAuthAuthentication.h in Headers */ = {isa = PBXBuildFile; fileRef = BF44F2AE263C3C6F00F3D498 /* PowerAuthAuthentication.h */; settings = {ATTRIBUTES = (Public, ); }; };
		BF44F2F2263C403600F3D498 /* PA2PrivateRemoteTokenProvider.h in Headers */ = {isa = PBXBuildFile; fileRef = BF44F283263C3BF400F3D498 /* PA2PrivateRemoteTokenProvider.h */; };
		BF44F2F3263C403600F3D498 /* PA2PrivateMacros.h in Headers */ = {isa = PBXBuildFile; fileRef = BF44F2D1263C3E8F00F3D498 /* PA2PrivateMacros.h */; };
		BF44F2F5263C403600F3D498 /* PowerAuthKeychainConfiguration.m in Sources */ = {isa = PBXBuildFile; fileRef = BF44F2A6263C3C6F00F3D498 /* PowerAuthKeychainConfiguration.m */; };
		BF44F2F6263C403600F3D498 /* PowerAuthToken.m in Sources */ = {isa = PBXBuildFile; fileRef = BF44F2D7263C3F5100F3D498 /* PowerAuthToken.m */; };
		BF44F2F7263C403600F3D498 /* PowerAuthExtensionSDK.m in Sources */ = {isa = PBXBuildFile; fileRef = BF44F2A3263C3C6F00F3D498 /* PowerAuthExtensionSDK.m */; };
		BF44F2F8263C403600F3D498 /* PA2PrivateTokenData.m in Sources */ = {isa = PBXBuildFile; fileRef = BF44F289263C3BF400F3D498 /* PA2PrivateTokenData.m */; };
		BF44F2F9263C403600F3D498 /* PA2CoreCryptoUtils.m in Sources */ = {isa = PBXBuildFile; fileRef = BF44F28A263C3BF400F3D498 /* PA2CoreCryptoUtils.m */; };
		BF44F2FA263C403600F3D498 /* PowerAuthSystem.m in Sources */ = {isa = PBXBuildFile; fileRef = BF44F2A9263C3C6F00F3D498 /* PowerAuthSystem.m */; };
		BF44F2FB263C403600F3D498 /* PowerAuthConfiguration.m in Sources */ = {isa = PBXBuildFile; fileRef = BF44F2A0263C3C6E00F3D498 /* PowerAuthConfiguration.m */; };
		BF44F2FC263C403600F3D498 /* PA2PrivateMacros.m in Sources */ = {isa = PBXBuildFile; fileRef = BF44F2D0263C3E8F00F3D498 /* PA2PrivateMacros.m */; };
		BF44F2FD263C403600F3D498 /* PowerAuthLog.m in Sources */ = {isa = PBXBuildFile; fileRef = BF44F2B1263C3C7000F3D498 /* PowerAuthLog.m */; };
		BF44F2FE263C403600F3D498 /* PA2SessionStatusDataReader.m in Sources */ = {isa = PBXBuildFile; fileRef = BF44F281263C3BF400F3D498 /* PA2SessionStatusDataReader.m */; };
		BF44F2FF263C403600F3D498 /* PA2PrivateTokenKeychainStore.m in Sources */ = {isa = PBXBuildFile; fileRef = BF44F284263C3BF400F3D498 /* PA2PrivateTokenKeychainStore.m */; };
		BF44F300263C403600F3D498 /* PowerAuthKeychain.m in Sources */ = {isa = PBXBuildFile; fileRef = BF44F2A1263C3C6E00F3D498 /* PowerAuthKeychain.m */; };
		BF44F301263C403600F3D498 /* PowerAuthAuthentication.m in Sources */ = {isa = PBXBuildFile; fileRef = BF44F2B3263C3C7000F3D498 /* PowerAuthAuthentication.m */; };
		BF44F302263C403600F3D498 /* PowerAuthErrorConstants.m in Sources */ = {isa = PBXBuildFile; fileRef = BF44F2A2263C3C6F00F3D498 /* PowerAuthErrorConstants.m */; };
		BF44F303263C403600F3D498 /* PowerAuthAuthorizationHttpHeader.m in Sources */ = {isa = PBXBuildFile; fileRef = BF44F2B0263C3C6F00F3D498 /* PowerAuthAuthorizationHttpHeader.m */; };
		BF44F317263C41A100F3D498 /* PowerAuthDeprecated.h in Headers */ = {isa = PBXBuildFile; fileRef = BF44F315263C41A100F3D498 /* PowerAuthDeprecated.h */; settings = {ATTRIBUTES = (Public, ); }; };
		BF44F318263C41A100F3D498 /* PowerAuthDeprecated.h in Headers */ = {isa = PBXBuildFile; fileRef = BF44F315263C41A100F3D498 /* PowerAuthDeprecated.h */; settings = {ATTRIBUTES = (Public, ); }; };
		BF44F319263C41A100F3D498 /* PowerAuthDeprecated.m in Sources */ = {isa = PBXBuildFile; fileRef = BF44F316263C41A100F3D498 /* PowerAuthDeprecated.m */; };
		BF44F31A263C41A100F3D498 /* PowerAuthDeprecated.m in Sources */ = {isa = PBXBuildFile; fileRef = BF44F316263C41A100F3D498 /* PowerAuthDeprecated.m */; };
		BF4B358C285209FC009A03EF /* PowerAuthAuthentication+Private.h in Headers */ = {isa = PBXBuildFile; fileRef = BF4B358B285209FC009A03EF /* PowerAuthAuthentication+Private.h */; };
		BF4B358D285209FC009A03EF /* PowerAuthAuthentication+Private.h in Headers */ = {isa = PBXBuildFile; fileRef = BF4B358B285209FC009A03EF /* PowerAuthAuthentication+Private.h */; };
		BF667E52282D3D9E006E97F8 /* PA2TokenDataLock.h in Headers */ = {isa = PBXBuildFile; fileRef = BF667E51282D3D9E006E97F8 /* PA2TokenDataLock.h */; };
		BF667E53282D3D9E006E97F8 /* PA2TokenDataLock.h in Headers */ = {isa = PBXBuildFile; fileRef = BF667E51282D3D9E006E97F8 /* PA2TokenDataLock.h */; };
		BFC1929C27FC69A4001455C1 /* PowerAuthSharingConfiguration.m in Sources */ = {isa = PBXBuildFile; fileRef = BFC1929A27FC69A4001455C1 /* PowerAuthSharingConfiguration.m */; };
		BFC1929D27FC69A4001455C1 /* PowerAuthSharingConfiguration.m in Sources */ = {isa = PBXBuildFile; fileRef = BFC1929A27FC69A4001455C1 /* PowerAuthSharingConfiguration.m */; };
		BFC1929E27FC69A4001455C1 /* PowerAuthSharingConfiguration.h in Headers */ = {isa = PBXBuildFile; fileRef = BFC1929B27FC69A4001455C1 /* PowerAuthSharingConfiguration.h */; settings = {ATTRIBUTES = (Public, ); }; };
		BFC1929F27FC69A4001455C1 /* PowerAuthSharingConfiguration.h in Headers */ = {isa = PBXBuildFile; fileRef = BFC1929B27FC69A4001455C1 /* PowerAuthSharingConfiguration.h */; settings = {ATTRIBUTES = (Public, ); }; };
/* End PBXBuildFile section */

/* Begin PBXContainerItemProxy section */
		BF1ED08D2840ED3F00D6B380 /* PBXContainerItemProxy */ = {
			isa = PBXContainerItemProxy;
			containerPortal = BF44F269263C3B0F00F3D498 /* Project object */;
			proxyType = 1;
			remoteGlobalIDString = BF44F271263C3B0F00F3D498;
			remoteInfo = PowerAuth2ForExtensions_ios;
		};
		BF1ED09E2840F4AC00D6B380 /* PBXContainerItemProxy */ = {
			isa = PBXContainerItemProxy;
			containerPortal = BF44F269263C3B0F00F3D498 /* Project object */;
			proxyType = 1;
			remoteGlobalIDString = BF44F2DD263C403600F3D498;
			remoteInfo = PowerAuth2ForExtensions_tvos;
		};
/* End PBXContainerItemProxy section */

/* Begin PBXFileReference section */
		BF1ED0882840ED3F00D6B380 /* PowerAuth2ForExtensionsTests_ios.xctest */ = {isa = PBXFileReference; explicitFileType = wrapper.cfbundle; includeInIndex = 0; path = PowerAuth2ForExtensionsTests_ios.xctest; sourceTree = BUILT_PRODUCTS_DIR; };
		BF1ED08A2840ED3F00D6B380 /* PowerAuth2ForExtensionsTests.m */ = {isa = PBXFileReference; lastKnownFileType = sourcecode.c.objc; path = PowerAuth2ForExtensionsTests.m; sourceTree = "<group>"; };
		BF1ED09D2840F44200D6B380 /* PowerAuth2ForExtensionsTests_tvos.xctest */ = {isa = PBXFileReference; explicitFileType = wrapper.cfbundle; includeInIndex = 0; path = PowerAuth2ForExtensionsTests_tvos.xctest; sourceTree = BUILT_PRODUCTS_DIR; };
		BF1ED0A4284104B400D6B380 /* PowerAuthKeychainAuthentication.m */ = {isa = PBXFileReference; fileEncoding = 4; lastKnownFileType = sourcecode.c.objc; path = PowerAuthKeychainAuthentication.m; sourceTree = "<group>"; };
		BF1ED0A5284104B400D6B380 /* PowerAuthKeychainAuthentication.h */ = {isa = PBXFileReference; fileEncoding = 4; lastKnownFileType = sourcecode.c.h; path = PowerAuthKeychainAuthentication.h; sourceTree = "<group>"; };
		BF1ED0B02844CE4B00D6B380 /* PowerAuthOperationTask.h */ = {isa = PBXFileReference; fileEncoding = 4; lastKnownFileType = sourcecode.c.h; path = PowerAuthOperationTask.h; sourceTree = "<group>"; };
		BF1ED0CF2847776B00D6B380 /* PA2GroupedTask.h */ = {isa = PBXFileReference; fileEncoding = 4; lastKnownFileType = sourcecode.c.h; path = PA2GroupedTask.h; sourceTree = "<group>"; };
		BF1ED0D02847776B00D6B380 /* PA2GroupedTask.m */ = {isa = PBXFileReference; fileEncoding = 4; lastKnownFileType = sourcecode.c.objc; path = PA2GroupedTask.m; sourceTree = "<group>"; };
		BF1ED0D52847778500D6B380 /* PA2CreateTokenTask.h */ = {isa = PBXFileReference; fileEncoding = 4; lastKnownFileType = sourcecode.c.h; path = PA2CreateTokenTask.h; sourceTree = "<group>"; };
		BF1ED0D62847778500D6B380 /* PA2CreateTokenTask.m */ = {isa = PBXFileReference; fileEncoding = 4; lastKnownFileType = sourcecode.c.objc; path = PA2CreateTokenTask.m; sourceTree = "<group>"; };
		BF44F272263C3B0F00F3D498 /* PowerAuth2ForExtensions.framework */ = {isa = PBXFileReference; explicitFileType = wrapper.framework; includeInIndex = 0; path = PowerAuth2ForExtensions.framework; sourceTree = BUILT_PRODUCTS_DIR; };
		BF44F275263C3B0F00F3D498 /* PowerAuth2ForExtensions.h */ = {isa = PBXFileReference; lastKnownFileType = sourcecode.c.h; path = PowerAuth2ForExtensions.h; sourceTree = "<group>"; };
		BF44F276263C3B0F00F3D498 /* Info.plist */ = {isa = PBXFileReference; lastKnownFileType = text.plist.xml; path = Info.plist; sourceTree = "<group>"; };
		BF44F281263C3BF400F3D498 /* PA2SessionStatusDataReader.m */ = {isa = PBXFileReference; fileEncoding = 4; lastKnownFileType = sourcecode.c.objc; path = PA2SessionStatusDataReader.m; sourceTree = "<group>"; };
		BF44F282263C3BF400F3D498 /* PA2PrivateConstants.h */ = {isa = PBXFileReference; fileEncoding = 4; lastKnownFileType = sourcecode.c.h; path = PA2PrivateConstants.h; sourceTree = "<group>"; };
		BF44F283263C3BF400F3D498 /* PA2PrivateRemoteTokenProvider.h */ = {isa = PBXFileReference; fileEncoding = 4; lastKnownFileType = sourcecode.c.h; path = PA2PrivateRemoteTokenProvider.h; sourceTree = "<group>"; };
		BF44F284263C3BF400F3D498 /* PA2PrivateTokenKeychainStore.m */ = {isa = PBXFileReference; fileEncoding = 4; lastKnownFileType = sourcecode.c.objc; path = PA2PrivateTokenKeychainStore.m; sourceTree = "<group>"; };
		BF44F285263C3BF400F3D498 /* PA2CoreCryptoUtils.h */ = {isa = PBXFileReference; fileEncoding = 4; lastKnownFileType = sourcecode.c.h; path = PA2CoreCryptoUtils.h; sourceTree = "<group>"; };
		BF44F286263C3BF400F3D498 /* PA2PrivateTokenData.h */ = {isa = PBXFileReference; fileEncoding = 4; lastKnownFileType = sourcecode.c.h; path = PA2PrivateTokenData.h; sourceTree = "<group>"; };
		BF44F287263C3BF400F3D498 /* PA2SessionStatusDataReader.h */ = {isa = PBXFileReference; fileEncoding = 4; lastKnownFileType = sourcecode.c.h; path = PA2SessionStatusDataReader.h; sourceTree = "<group>"; };
		BF44F288263C3BF400F3D498 /* PA2PrivateTokenKeychainStore.h */ = {isa = PBXFileReference; fileEncoding = 4; lastKnownFileType = sourcecode.c.h; path = PA2PrivateTokenKeychainStore.h; sourceTree = "<group>"; };
		BF44F289263C3BF400F3D498 /* PA2PrivateTokenData.m */ = {isa = PBXFileReference; fileEncoding = 4; lastKnownFileType = sourcecode.c.objc; path = PA2PrivateTokenData.m; sourceTree = "<group>"; };
		BF44F28A263C3BF400F3D498 /* PA2CoreCryptoUtils.m */ = {isa = PBXFileReference; fileEncoding = 4; lastKnownFileType = sourcecode.c.objc; path = PA2CoreCryptoUtils.m; sourceTree = "<group>"; };
		BF44F28B263C3BF400F3D498 /* PA2PrivateTokenInterfaces.h */ = {isa = PBXFileReference; fileEncoding = 4; lastKnownFileType = sourcecode.c.h; path = PA2PrivateTokenInterfaces.h; sourceTree = "<group>"; };
		BF44F2A0263C3C6E00F3D498 /* PowerAuthConfiguration.m */ = {isa = PBXFileReference; fileEncoding = 4; lastKnownFileType = sourcecode.c.objc; path = PowerAuthConfiguration.m; sourceTree = "<group>"; };
		BF44F2A1263C3C6E00F3D498 /* PowerAuthKeychain.m */ = {isa = PBXFileReference; fileEncoding = 4; lastKnownFileType = sourcecode.c.objc; path = PowerAuthKeychain.m; sourceTree = "<group>"; };
		BF44F2A2263C3C6F00F3D498 /* PowerAuthErrorConstants.m */ = {isa = PBXFileReference; fileEncoding = 4; lastKnownFileType = sourcecode.c.objc; path = PowerAuthErrorConstants.m; sourceTree = "<group>"; };
		BF44F2A3263C3C6F00F3D498 /* PowerAuthExtensionSDK.m */ = {isa = PBXFileReference; fileEncoding = 4; lastKnownFileType = sourcecode.c.objc; path = PowerAuthExtensionSDK.m; sourceTree = "<group>"; };
		BF44F2A4263C3C6F00F3D498 /* PowerAuthSystem.h */ = {isa = PBXFileReference; fileEncoding = 4; lastKnownFileType = sourcecode.c.h; path = PowerAuthSystem.h; sourceTree = "<group>"; };
		BF44F2A5263C3C6F00F3D498 /* PowerAuth2ForExtensions.modulemap */ = {isa = PBXFileReference; fileEncoding = 4; lastKnownFileType = "sourcecode.module-map"; path = PowerAuth2ForExtensions.modulemap; sourceTree = "<group>"; };
		BF44F2A6263C3C6F00F3D498 /* PowerAuthKeychainConfiguration.m */ = {isa = PBXFileReference; fileEncoding = 4; lastKnownFileType = sourcecode.c.objc; path = PowerAuthKeychainConfiguration.m; sourceTree = "<group>"; };
		BF44F2A7263C3C6F00F3D498 /* PowerAuthLog.h */ = {isa = PBXFileReference; fileEncoding = 4; lastKnownFileType = sourcecode.c.h; path = PowerAuthLog.h; sourceTree = "<group>"; };
		BF44F2A8263C3C6F00F3D498 /* PowerAuthConfiguration.h */ = {isa = PBXFileReference; fileEncoding = 4; lastKnownFileType = sourcecode.c.h; path = PowerAuthConfiguration.h; sourceTree = "<group>"; };
		BF44F2A9263C3C6F00F3D498 /* PowerAuthSystem.m */ = {isa = PBXFileReference; fileEncoding = 4; lastKnownFileType = sourcecode.c.objc; path = PowerAuthSystem.m; sourceTree = "<group>"; };
		BF44F2AA263C3C6F00F3D498 /* PowerAuthExtensionSDK.h */ = {isa = PBXFileReference; fileEncoding = 4; lastKnownFileType = sourcecode.c.h; path = PowerAuthExtensionSDK.h; sourceTree = "<group>"; };
		BF44F2AB263C3C6F00F3D498 /* PowerAuthKeychain.h */ = {isa = PBXFileReference; fileEncoding = 4; lastKnownFileType = sourcecode.c.h; path = PowerAuthKeychain.h; sourceTree = "<group>"; };
		BF44F2AC263C3C6F00F3D498 /* PowerAuthKeychainConfiguration.h */ = {isa = PBXFileReference; fileEncoding = 4; lastKnownFileType = sourcecode.c.h; path = PowerAuthKeychainConfiguration.h; sourceTree = "<group>"; };
		BF44F2AD263C3C6F00F3D498 /* PowerAuthErrorConstants.h */ = {isa = PBXFileReference; fileEncoding = 4; lastKnownFileType = sourcecode.c.h; path = PowerAuthErrorConstants.h; sourceTree = "<group>"; };
		BF44F2AE263C3C6F00F3D498 /* PowerAuthAuthentication.h */ = {isa = PBXFileReference; fileEncoding = 4; lastKnownFileType = sourcecode.c.h; path = PowerAuthAuthentication.h; sourceTree = "<group>"; };
		BF44F2AF263C3C6F00F3D498 /* PowerAuthMacros.h */ = {isa = PBXFileReference; fileEncoding = 4; lastKnownFileType = sourcecode.c.h; path = PowerAuthMacros.h; sourceTree = "<group>"; };
		BF44F2B0263C3C6F00F3D498 /* PowerAuthAuthorizationHttpHeader.m */ = {isa = PBXFileReference; fileEncoding = 4; lastKnownFileType = sourcecode.c.objc; path = PowerAuthAuthorizationHttpHeader.m; sourceTree = "<group>"; };
		BF44F2B1263C3C7000F3D498 /* PowerAuthLog.m */ = {isa = PBXFileReference; fileEncoding = 4; lastKnownFileType = sourcecode.c.objc; path = PowerAuthLog.m; sourceTree = "<group>"; };
		BF44F2B2263C3C7000F3D498 /* PowerAuthAuthorizationHttpHeader.h */ = {isa = PBXFileReference; fileEncoding = 4; lastKnownFileType = sourcecode.c.h; path = PowerAuthAuthorizationHttpHeader.h; sourceTree = "<group>"; };
		BF44F2B3263C3C7000F3D498 /* PowerAuthAuthentication.m */ = {isa = PBXFileReference; fileEncoding = 4; lastKnownFileType = sourcecode.c.objc; path = PowerAuthAuthentication.m; sourceTree = "<group>"; };
		BF44F2B4263C3C7000F3D498 /* PowerAuthSessionStatusProvider.h */ = {isa = PBXFileReference; fileEncoding = 4; lastKnownFileType = sourcecode.c.h; path = PowerAuthSessionStatusProvider.h; sourceTree = "<group>"; };
		BF44F2D0263C3E8F00F3D498 /* PA2PrivateMacros.m */ = {isa = PBXFileReference; fileEncoding = 4; lastKnownFileType = sourcecode.c.objc; path = PA2PrivateMacros.m; sourceTree = "<group>"; };
		BF44F2D1263C3E8F00F3D498 /* PA2PrivateMacros.h */ = {isa = PBXFileReference; fileEncoding = 4; lastKnownFileType = sourcecode.c.h; path = PA2PrivateMacros.h; sourceTree = "<group>"; };
		BF44F2D6263C3F5100F3D498 /* PowerAuthToken.h */ = {isa = PBXFileReference; fileEncoding = 4; lastKnownFileType = sourcecode.c.h; path = PowerAuthToken.h; sourceTree = "<group>"; };
		BF44F2D7263C3F5100F3D498 /* PowerAuthToken.m */ = {isa = PBXFileReference; fileEncoding = 4; lastKnownFileType = sourcecode.c.objc; path = PowerAuthToken.m; sourceTree = "<group>"; };
		BF44F309263C403600F3D498 /* PowerAuth2ForExtensions.framework */ = {isa = PBXFileReference; explicitFileType = wrapper.framework; includeInIndex = 0; path = PowerAuth2ForExtensions.framework; sourceTree = BUILT_PRODUCTS_DIR; };
		BF44F315263C41A100F3D498 /* PowerAuthDeprecated.h */ = {isa = PBXFileReference; lastKnownFileType = sourcecode.c.h; path = PowerAuthDeprecated.h; sourceTree = "<group>"; };
		BF44F316263C41A100F3D498 /* PowerAuthDeprecated.m */ = {isa = PBXFileReference; lastKnownFileType = sourcecode.c.objc; path = PowerAuthDeprecated.m; sourceTree = "<group>"; };
		BF4B358B285209FC009A03EF /* PowerAuthAuthentication+Private.h */ = {isa = PBXFileReference; fileEncoding = 4; lastKnownFileType = sourcecode.c.h; path = "PowerAuthAuthentication+Private.h"; sourceTree = "<group>"; };
		BF667E51282D3D9E006E97F8 /* PA2TokenDataLock.h */ = {isa = PBXFileReference; fileEncoding = 4; lastKnownFileType = sourcecode.c.h; path = PA2TokenDataLock.h; sourceTree = "<group>"; };
		BFC1929A27FC69A4001455C1 /* PowerAuthSharingConfiguration.m */ = {isa = PBXFileReference; fileEncoding = 4; lastKnownFileType = sourcecode.c.objc; path = PowerAuthSharingConfiguration.m; sourceTree = "<group>"; };
		BFC1929B27FC69A4001455C1 /* PowerAuthSharingConfiguration.h */ = {isa = PBXFileReference; fileEncoding = 4; lastKnownFileType = sourcecode.c.h; path = PowerAuthSharingConfiguration.h; sourceTree = "<group>"; };
/* End PBXFileReference section */

/* Begin PBXFrameworksBuildPhase section */
		BF1ED0852840ED3F00D6B380 /* Frameworks */ = {
			isa = PBXFrameworksBuildPhase;
			buildActionMask = 2147483647;
			files = (
				BF1ED08C2840ED3F00D6B380 /* PowerAuth2ForExtensions.framework in Frameworks */,
			);
			runOnlyForDeploymentPostprocessing = 0;
		};
		BF1ED0972840F44200D6B380 /* Frameworks */ = {
			isa = PBXFrameworksBuildPhase;
			buildActionMask = 2147483647;
			files = (
				BF1ED0A12840F4B900D6B380 /* PowerAuth2ForExtensions.framework in Frameworks */,
			);
			runOnlyForDeploymentPostprocessing = 0;
		};
		BF44F26F263C3B0F00F3D498 /* Frameworks */ = {
			isa = PBXFrameworksBuildPhase;
			buildActionMask = 2147483647;
			files = (
			);
			runOnlyForDeploymentPostprocessing = 0;
		};
		BF44F304263C403600F3D498 /* Frameworks */ = {
			isa = PBXFrameworksBuildPhase;
			buildActionMask = 2147483647;
			files = (
			);
			runOnlyForDeploymentPostprocessing = 0;
		};
/* End PBXFrameworksBuildPhase section */

/* Begin PBXGroup section */
		BF1ED0892840ED3F00D6B380 /* PowerAuth2ForExtensionsTests */ = {
			isa = PBXGroup;
			children = (
				BF1ED08A2840ED3F00D6B380 /* PowerAuth2ForExtensionsTests.m */,
			);
			path = PowerAuth2ForExtensionsTests;
			sourceTree = "<group>";
		};
		BF1ED0A02840F4B900D6B380 /* Frameworks */ = {
			isa = PBXGroup;
			children = (
			);
			name = Frameworks;
			sourceTree = "<group>";
		};
		BF44F268263C3B0F00F3D498 = {
			isa = PBXGroup;
			children = (
				BF44F274263C3B0F00F3D498 /* PowerAuth2ForExtensions */,
				BF1ED0892840ED3F00D6B380 /* PowerAuth2ForExtensionsTests */,
				BF44F273263C3B0F00F3D498 /* Products */,
				BF1ED0A02840F4B900D6B380 /* Frameworks */,
			);
			sourceTree = "<group>";
		};
		BF44F273263C3B0F00F3D498 /* Products */ = {
			isa = PBXGroup;
			children = (
				BF44F272263C3B0F00F3D498 /* PowerAuth2ForExtensions.framework */,
				BF44F309263C403600F3D498 /* PowerAuth2ForExtensions.framework */,
				BF1ED0882840ED3F00D6B380 /* PowerAuth2ForExtensionsTests_ios.xctest */,
				BF1ED09D2840F44200D6B380 /* PowerAuth2ForExtensionsTests_tvos.xctest */,
			);
			name = Products;
			sourceTree = "<group>";
		};
		BF44F274263C3B0F00F3D498 /* PowerAuth2ForExtensions */ = {
			isa = PBXGroup;
			children = (
				BF44F27F263C3BDD00F3D498 /* support */,
				BF44F280263C3BF400F3D498 /* private */,
				BF44F275263C3B0F00F3D498 /* PowerAuth2ForExtensions.h */,
				BF44F2AA263C3C6F00F3D498 /* PowerAuthExtensionSDK.h */,
				BF44F2A3263C3C6F00F3D498 /* PowerAuthExtensionSDK.m */,
				BF44F2B4263C3C7000F3D498 /* PowerAuthSessionStatusProvider.h */,
				BF44F2D6263C3F5100F3D498 /* PowerAuthToken.h */,
				BF44F2D7263C3F5100F3D498 /* PowerAuthToken.m */,
				BF44F2AE263C3C6F00F3D498 /* PowerAuthAuthentication.h */,
				BF44F2B3263C3C7000F3D498 /* PowerAuthAuthentication.m */,
				BF44F2B2263C3C7000F3D498 /* PowerAuthAuthorizationHttpHeader.h */,
				BF44F2B0263C3C6F00F3D498 /* PowerAuthAuthorizationHttpHeader.m */,
				BF44F2A8263C3C6F00F3D498 /* PowerAuthConfiguration.h */,
				BF44F2A0263C3C6E00F3D498 /* PowerAuthConfiguration.m */,
				BFC1929B27FC69A4001455C1 /* PowerAuthSharingConfiguration.h */,
				BFC1929A27FC69A4001455C1 /* PowerAuthSharingConfiguration.m */,
				BF44F2AD263C3C6F00F3D498 /* PowerAuthErrorConstants.h */,
				BF44F2A2263C3C6F00F3D498 /* PowerAuthErrorConstants.m */,
				BF44F2AB263C3C6F00F3D498 /* PowerAuthKeychain.h */,
				BF44F2A1263C3C6E00F3D498 /* PowerAuthKeychain.m */,
				BF1ED0A5284104B400D6B380 /* PowerAuthKeychainAuthentication.h */,
				BF1ED0A4284104B400D6B380 /* PowerAuthKeychainAuthentication.m */,
				BF44F2AC263C3C6F00F3D498 /* PowerAuthKeychainConfiguration.h */,
				BF44F2A6263C3C6F00F3D498 /* PowerAuthKeychainConfiguration.m */,
				BF44F2A7263C3C6F00F3D498 /* PowerAuthLog.h */,
				BF44F2B1263C3C7000F3D498 /* PowerAuthLog.m */,
				BF44F2AF263C3C6F00F3D498 /* PowerAuthMacros.h */,
				BF1ED0B02844CE4B00D6B380 /* PowerAuthOperationTask.h */,
				BF44F2A4263C3C6F00F3D498 /* PowerAuthSystem.h */,
				BF44F2A9263C3C6F00F3D498 /* PowerAuthSystem.m */,
				BF44F315263C41A100F3D498 /* PowerAuthDeprecated.h */,
				BF44F316263C41A100F3D498 /* PowerAuthDeprecated.m */,
			);
			path = PowerAuth2ForExtensions;
			sourceTree = "<group>";
		};
		BF44F27F263C3BDD00F3D498 /* support */ = {
			isa = PBXGroup;
			children = (
				BF44F2A5263C3C6F00F3D498 /* PowerAuth2ForExtensions.modulemap */,
				BF44F276263C3B0F00F3D498 /* Info.plist */,
			);
			name = support;
			sourceTree = "<group>";
		};
		BF44F280263C3BF400F3D498 /* private */ = {
			isa = PBXGroup;
			children = (
				BF4B358A285209EF009A03EF /* sdk */,
				BF44F29D263C3C3700F3D498 /* token */,
				BF44F298263C3C0800F3D498 /* system */,
				BF44F287263C3BF400F3D498 /* PA2SessionStatusDataReader.h */,
				BF44F281263C3BF400F3D498 /* PA2SessionStatusDataReader.m */,
			);
			path = private;
			sourceTree = "<group>";
		};
		BF44F298263C3C0800F3D498 /* system */ = {
			isa = PBXGroup;
			children = (
				BF44F282263C3BF400F3D498 /* PA2PrivateConstants.h */,
				BF44F2D1263C3E8F00F3D498 /* PA2PrivateMacros.h */,
				BF44F2D0263C3E8F00F3D498 /* PA2PrivateMacros.m */,
				BF44F285263C3BF400F3D498 /* PA2CoreCryptoUtils.h */,
				BF44F28A263C3BF400F3D498 /* PA2CoreCryptoUtils.m */,
				BF1ED0CF2847776B00D6B380 /* PA2GroupedTask.h */,
				BF1ED0D02847776B00D6B380 /* PA2GroupedTask.m */,
			);
			name = system;
			sourceTree = "<group>";
		};
		BF44F29D263C3C3700F3D498 /* token */ = {
			isa = PBXGroup;
			children = (
				BF667E51282D3D9E006E97F8 /* PA2TokenDataLock.h */,
				BF44F283263C3BF400F3D498 /* PA2PrivateRemoteTokenProvider.h */,
				BF44F28B263C3BF400F3D498 /* PA2PrivateTokenInterfaces.h */,
				BF44F286263C3BF400F3D498 /* PA2PrivateTokenData.h */,
				BF44F289263C3BF400F3D498 /* PA2PrivateTokenData.m */,
				BF44F288263C3BF400F3D498 /* PA2PrivateTokenKeychainStore.h */,
				BF44F284263C3BF400F3D498 /* PA2PrivateTokenKeychainStore.m */,
				BF1ED0D52847778500D6B380 /* PA2CreateTokenTask.h */,
				BF1ED0D62847778500D6B380 /* PA2CreateTokenTask.m */,
			);
			name = token;
			sourceTree = "<group>";
		};
		BF4B358A285209EF009A03EF /* sdk */ = {
			isa = PBXGroup;
			children = (
				BF4B358B285209FC009A03EF /* PowerAuthAuthentication+Private.h */,
			);
			name = sdk;
			sourceTree = "<group>";
		};
/* End PBXGroup section */

/* Begin PBXHeadersBuildPhase section */
		BF44F26D263C3B0F00F3D498 /* Headers */ = {
			isa = PBXHeadersBuildPhase;
			buildActionMask = 2147483647;
			files = (
				BF44F293263C3BF400F3D498 /* PA2PrivateTokenKeychainStore.h in Headers */,
				BF1ED0A8284104B500D6B380 /* PowerAuthKeychainAuthentication.h in Headers */,
				BF44F2BB263C3C7000F3D498 /* PowerAuthLog.h in Headers */,
				BF44F292263C3BF400F3D498 /* PA2SessionStatusDataReader.h in Headers */,
				BF44F2BE263C3C7000F3D498 /* PowerAuthExtensionSDK.h in Headers */,
				BF44F2C0263C3C7000F3D498 /* PowerAuthKeychainConfiguration.h in Headers */,
				BF44F2BF263C3C7000F3D498 /* PowerAuthKeychain.h in Headers */,
				BF44F2D8263C3F5100F3D498 /* PowerAuthToken.h in Headers */,
				BFC1929E27FC69A4001455C1 /* PowerAuthSharingConfiguration.h in Headers */,
				BF1ED0D72847778500D6B380 /* PA2CreateTokenTask.h in Headers */,
				BF1ED0B12844CE4B00D6B380 /* PowerAuthOperationTask.h in Headers */,
				BF44F2C1263C3C7000F3D498 /* PowerAuthErrorConstants.h in Headers */,
				BF44F290263C3BF400F3D498 /* PA2CoreCryptoUtils.h in Headers */,
				BF44F2BC263C3C7000F3D498 /* PowerAuthConfiguration.h in Headers */,
				BF44F28D263C3BF400F3D498 /* PA2PrivateConstants.h in Headers */,
				BF44F2C8263C3C7000F3D498 /* PowerAuthSessionStatusProvider.h in Headers */,
				BF44F2B9263C3C7000F3D498 /* PowerAuthSystem.h in Headers */,
				BF4B358C285209FC009A03EF /* PowerAuthAuthentication+Private.h in Headers */,
				BF44F296263C3BF400F3D498 /* PA2PrivateTokenInterfaces.h in Headers */,
				BF44F2C3263C3C7000F3D498 /* PowerAuthMacros.h in Headers */,
				BF44F317263C41A100F3D498 /* PowerAuthDeprecated.h in Headers */,
				BF44F2C6263C3C7000F3D498 /* PowerAuthAuthorizationHttpHeader.h in Headers */,
				BF44F291263C3BF400F3D498 /* PA2PrivateTokenData.h in Headers */,
				BF44F277263C3B0F00F3D498 /* PowerAuth2ForExtensions.h in Headers */,
				BF44F2C2263C3C7000F3D498 /* PowerAuthAuthentication.h in Headers */,
				BF44F28E263C3BF400F3D498 /* PA2PrivateRemoteTokenProvider.h in Headers */,
				BF44F2D3263C3E8F00F3D498 /* PA2PrivateMacros.h in Headers */,
				BF667E52282D3D9E006E97F8 /* PA2TokenDataLock.h in Headers */,
				BF1ED0D12847776B00D6B380 /* PA2GroupedTask.h in Headers */,
			);
			runOnlyForDeploymentPostprocessing = 0;
		};
		BF44F2DE263C403600F3D498 /* Headers */ = {
			isa = PBXHeadersBuildPhase;
			buildActionMask = 2147483647;
			files = (
				BF44F2DF263C403600F3D498 /* PA2PrivateTokenKeychainStore.h in Headers */,
				BF1ED0A9284104B500D6B380 /* PowerAuthKeychainAuthentication.h in Headers */,
				BF44F2E0263C403600F3D498 /* PowerAuthLog.h in Headers */,
				BF44F2E1263C403600F3D498 /* PA2SessionStatusDataReader.h in Headers */,
				BF44F2E2263C403600F3D498 /* PowerAuthExtensionSDK.h in Headers */,
				BF44F2E3263C403600F3D498 /* PowerAuthKeychainConfiguration.h in Headers */,
				BF44F2E4263C403600F3D498 /* PowerAuthKeychain.h in Headers */,
				BF44F2E5263C403600F3D498 /* PowerAuthToken.h in Headers */,
				BFC1929F27FC69A4001455C1 /* PowerAuthSharingConfiguration.h in Headers */,
				BF1ED0D82847778500D6B380 /* PA2CreateTokenTask.h in Headers */,
				BF1ED0B22844CE4B00D6B380 /* PowerAuthOperationTask.h in Headers */,
				BF44F2E6263C403600F3D498 /* PowerAuthErrorConstants.h in Headers */,
				BF44F2E7263C403600F3D498 /* PA2CoreCryptoUtils.h in Headers */,
				BF44F2E8263C403600F3D498 /* PowerAuthConfiguration.h in Headers */,
				BF44F2E9263C403600F3D498 /* PA2PrivateConstants.h in Headers */,
				BF44F2EA263C403600F3D498 /* PowerAuthSessionStatusProvider.h in Headers */,
				BF44F2EB263C403600F3D498 /* PowerAuthSystem.h in Headers */,
				BF4B358D285209FC009A03EF /* PowerAuthAuthentication+Private.h in Headers */,
				BF44F2EC263C403600F3D498 /* PA2PrivateTokenInterfaces.h in Headers */,
				BF44F2ED263C403600F3D498 /* PowerAuthMacros.h in Headers */,
				BF44F318263C41A100F3D498 /* PowerAuthDeprecated.h in Headers */,
				BF44F2EE263C403600F3D498 /* PowerAuthAuthorizationHttpHeader.h in Headers */,
				BF44F2EF263C403600F3D498 /* PA2PrivateTokenData.h in Headers */,
				BF44F2F0263C403600F3D498 /* PowerAuth2ForExtensions.h in Headers */,
				BF44F2F1263C403600F3D498 /* PowerAuthAuthentication.h in Headers */,
				BF44F2F2263C403600F3D498 /* PA2PrivateRemoteTokenProvider.h in Headers */,
				BF44F2F3263C403600F3D498 /* PA2PrivateMacros.h in Headers */,
				BF667E53282D3D9E006E97F8 /* PA2TokenDataLock.h in Headers */,
				BF1ED0D22847776B00D6B380 /* PA2GroupedTask.h in Headers */,
			);
			runOnlyForDeploymentPostprocessing = 0;
		};
/* End PBXHeadersBuildPhase section */

/* Begin PBXNativeTarget section */
		BF1ED0872840ED3F00D6B380 /* PowerAuth2ForExtensionsTests_ios */ = {
			isa = PBXNativeTarget;
			buildConfigurationList = BF1ED0912840ED3F00D6B380 /* Build configuration list for PBXNativeTarget "PowerAuth2ForExtensionsTests_ios" */;
			buildPhases = (
				BF1ED0842840ED3F00D6B380 /* Sources */,
				BF1ED0852840ED3F00D6B380 /* Frameworks */,
				BF1ED0862840ED3F00D6B380 /* Resources */,
			);
			buildRules = (
			);
			dependencies = (
				BF1ED08E2840ED3F00D6B380 /* PBXTargetDependency */,
			);
			name = PowerAuth2ForExtensionsTests_ios;
			productName = PowerAuth2ForExtensionsTests;
			productReference = BF1ED0882840ED3F00D6B380 /* PowerAuth2ForExtensionsTests_ios.xctest */;
			productType = "com.apple.product-type.bundle.unit-test";
		};
		BF1ED0922840F44200D6B380 /* PowerAuth2ForExtensionsTests_tvos */ = {
			isa = PBXNativeTarget;
			buildConfigurationList = BF1ED09A2840F44200D6B380 /* Build configuration list for PBXNativeTarget "PowerAuth2ForExtensionsTests_tvos" */;
			buildPhases = (
				BF1ED0952840F44200D6B380 /* Sources */,
				BF1ED0972840F44200D6B380 /* Frameworks */,
				BF1ED0992840F44200D6B380 /* Resources */,
			);
			buildRules = (
			);
			dependencies = (
				BF1ED09F2840F4AC00D6B380 /* PBXTargetDependency */,
			);
			name = PowerAuth2ForExtensionsTests_tvos;
			productName = PowerAuth2ForExtensionsTests;
			productReference = BF1ED09D2840F44200D6B380 /* PowerAuth2ForExtensionsTests_tvos.xctest */;
			productType = "com.apple.product-type.bundle.unit-test";
		};
		BF44F271263C3B0F00F3D498 /* PowerAuth2ForExtensions_ios */ = {
			isa = PBXNativeTarget;
			buildConfigurationList = BF44F27A263C3B0F00F3D498 /* Build configuration list for PBXNativeTarget "PowerAuth2ForExtensions_ios" */;
			buildPhases = (
				BF44F26D263C3B0F00F3D498 /* Headers */,
				BF44F26E263C3B0F00F3D498 /* Sources */,
				BF44F26F263C3B0F00F3D498 /* Frameworks */,
				BF44F270263C3B0F00F3D498 /* Resources */,
			);
			buildRules = (
			);
			dependencies = (
			);
			name = PowerAuth2ForExtensions_ios;
			productName = PowerAuth2ForExtensions;
			productReference = BF44F272263C3B0F00F3D498 /* PowerAuth2ForExtensions.framework */;
			productType = "com.apple.product-type.framework";
		};
		BF44F2DD263C403600F3D498 /* PowerAuth2ForExtensions_tvos */ = {
			isa = PBXNativeTarget;
			buildConfigurationList = BF44F306263C403600F3D498 /* Build configuration list for PBXNativeTarget "PowerAuth2ForExtensions_tvos" */;
			buildPhases = (
				BF44F2DE263C403600F3D498 /* Headers */,
				BF44F2F4263C403600F3D498 /* Sources */,
				BF44F304263C403600F3D498 /* Frameworks */,
				BF44F305263C403600F3D498 /* Resources */,
			);
			buildRules = (
			);
			dependencies = (
			);
			name = PowerAuth2ForExtensions_tvos;
			productName = PowerAuth2ForExtensions;
			productReference = BF44F309263C403600F3D498 /* PowerAuth2ForExtensions.framework */;
			productType = "com.apple.product-type.framework";
		};
/* End PBXNativeTarget section */

/* Begin PBXProject section */
		BF44F269263C3B0F00F3D498 /* Project object */ = {
			isa = PBXProject;
			attributes = {
				LastUpgradeCheck = 1340;
				TargetAttributes = {
					BF1ED0872840ED3F00D6B380 = {
						CreatedOnToolsVersion = 13.2.1;
					};
					BF44F271263C3B0F00F3D498 = {
						CreatedOnToolsVersion = 12.4;
					};
				};
			};
			buildConfigurationList = BF44F26C263C3B0F00F3D498 /* Build configuration list for PBXProject "PowerAuth2ForExtensions" */;
			compatibilityVersion = "Xcode 9.3";
			developmentRegion = en;
			hasScannedForEncodings = 0;
			knownRegions = (
				en,
				Base,
			);
			mainGroup = BF44F268263C3B0F00F3D498;
			productRefGroup = BF44F273263C3B0F00F3D498 /* Products */;
			projectDirPath = "";
			projectRoot = "";
			targets = (
				BF44F271263C3B0F00F3D498 /* PowerAuth2ForExtensions_ios */,
				BF44F2DD263C403600F3D498 /* PowerAuth2ForExtensions_tvos */,
				BF1ED0872840ED3F00D6B380 /* PowerAuth2ForExtensionsTests_ios */,
				BF1ED0922840F44200D6B380 /* PowerAuth2ForExtensionsTests_tvos */,
			);
		};
/* End PBXProject section */

/* Begin PBXResourcesBuildPhase section */
		BF1ED0862840ED3F00D6B380 /* Resources */ = {
			isa = PBXResourcesBuildPhase;
			buildActionMask = 2147483647;
			files = (
			);
			runOnlyForDeploymentPostprocessing = 0;
		};
		BF1ED0992840F44200D6B380 /* Resources */ = {
			isa = PBXResourcesBuildPhase;
			buildActionMask = 2147483647;
			files = (
			);
			runOnlyForDeploymentPostprocessing = 0;
		};
		BF44F270263C3B0F00F3D498 /* Resources */ = {
			isa = PBXResourcesBuildPhase;
			buildActionMask = 2147483647;
			files = (
			);
			runOnlyForDeploymentPostprocessing = 0;
		};
		BF44F305263C403600F3D498 /* Resources */ = {
			isa = PBXResourcesBuildPhase;
			buildActionMask = 2147483647;
			files = (
			);
			runOnlyForDeploymentPostprocessing = 0;
		};
/* End PBXResourcesBuildPhase section */

/* Begin PBXSourcesBuildPhase section */
		BF1ED0842840ED3F00D6B380 /* Sources */ = {
			isa = PBXSourcesBuildPhase;
			buildActionMask = 2147483647;
			files = (
				BF1ED08B2840ED3F00D6B380 /* PowerAuth2ForExtensionsTests.m in Sources */,
			);
			runOnlyForDeploymentPostprocessing = 0;
		};
		BF1ED0952840F44200D6B380 /* Sources */ = {
			isa = PBXSourcesBuildPhase;
			buildActionMask = 2147483647;
			files = (
				BF1ED0962840F44200D6B380 /* PowerAuth2ForExtensionsTests.m in Sources */,
			);
			runOnlyForDeploymentPostprocessing = 0;
		};
		BF44F26E263C3B0F00F3D498 /* Sources */ = {
			isa = PBXSourcesBuildPhase;
			buildActionMask = 2147483647;
			files = (
				BF44F319263C41A100F3D498 /* PowerAuthDeprecated.m in Sources */,
				BF1ED0A6284104B500D6B380 /* PowerAuthKeychainAuthentication.m in Sources */,
				BF44F2BA263C3C7000F3D498 /* PowerAuthKeychainConfiguration.m in Sources */,
				BF44F2D9263C3F5100F3D498 /* PowerAuthToken.m in Sources */,
				BFC1929C27FC69A4001455C1 /* PowerAuthSharingConfiguration.m in Sources */,
				BF1ED0D32847776B00D6B380 /* PA2GroupedTask.m in Sources */,
				BF44F2B8263C3C7000F3D498 /* PowerAuthExtensionSDK.m in Sources */,
				BF44F294263C3BF400F3D498 /* PA2PrivateTokenData.m in Sources */,
				BF44F295263C3BF400F3D498 /* PA2CoreCryptoUtils.m in Sources */,
				BF44F2BD263C3C7000F3D498 /* PowerAuthSystem.m in Sources */,
				BF44F2B5263C3C7000F3D498 /* PowerAuthConfiguration.m in Sources */,
				BF44F2D2263C3E8F00F3D498 /* PA2PrivateMacros.m in Sources */,
				BF44F2C5263C3C7000F3D498 /* PowerAuthLog.m in Sources */,
				BF44F28C263C3BF400F3D498 /* PA2SessionStatusDataReader.m in Sources */,
				BF44F28F263C3BF400F3D498 /* PA2PrivateTokenKeychainStore.m in Sources */,
				BF44F2B6263C3C7000F3D498 /* PowerAuthKeychain.m in Sources */,
				BF44F2C7263C3C7000F3D498 /* PowerAuthAuthentication.m in Sources */,
				BF44F2B7263C3C7000F3D498 /* PowerAuthErrorConstants.m in Sources */,
				BF1ED0D92847778500D6B380 /* PA2CreateTokenTask.m in Sources */,
				BF44F2C4263C3C7000F3D498 /* PowerAuthAuthorizationHttpHeader.m in Sources */,
			);
			runOnlyForDeploymentPostprocessing = 0;
		};
		BF44F2F4263C403600F3D498 /* Sources */ = {
			isa = PBXSourcesBuildPhase;
			buildActionMask = 2147483647;
			files = (
				BF44F31A263C41A100F3D498 /* PowerAuthDeprecated.m in Sources */,
				BF1ED0A7284104B500D6B380 /* PowerAuthKeychainAuthentication.m in Sources */,
				BF44F2F5263C403600F3D498 /* PowerAuthKeychainConfiguration.m in Sources */,
				BF44F2F6263C403600F3D498 /* PowerAuthToken.m in Sources */,
				BFC1929D27FC69A4001455C1 /* PowerAuthSharingConfiguration.m in Sources */,
				BF1ED0D42847776B00D6B380 /* PA2GroupedTask.m in Sources */,
				BF44F2F7263C403600F3D498 /* PowerAuthExtensionSDK.m in Sources */,
				BF44F2F8263C403600F3D498 /* PA2PrivateTokenData.m in Sources */,
				BF44F2F9263C403600F3D498 /* PA2CoreCryptoUtils.m in Sources */,
				BF44F2FA263C403600F3D498 /* PowerAuthSystem.m in Sources */,
				BF44F2FB263C403600F3D498 /* PowerAuthConfiguration.m in Sources */,
				BF44F2FC263C403600F3D498 /* PA2PrivateMacros.m in Sources */,
				BF44F2FD263C403600F3D498 /* PowerAuthLog.m in Sources */,
				BF44F2FE263C403600F3D498 /* PA2SessionStatusDataReader.m in Sources */,
				BF44F2FF263C403600F3D498 /* PA2PrivateTokenKeychainStore.m in Sources */,
				BF44F300263C403600F3D498 /* PowerAuthKeychain.m in Sources */,
				BF44F301263C403600F3D498 /* PowerAuthAuthentication.m in Sources */,
				BF44F302263C403600F3D498 /* PowerAuthErrorConstants.m in Sources */,
				BF1ED0DA2847778500D6B380 /* PA2CreateTokenTask.m in Sources */,
				BF44F303263C403600F3D498 /* PowerAuthAuthorizationHttpHeader.m in Sources */,
			);
			runOnlyForDeploymentPostprocessing = 0;
		};
/* End PBXSourcesBuildPhase section */

/* Begin PBXTargetDependency section */
		BF1ED08E2840ED3F00D6B380 /* PBXTargetDependency */ = {
			isa = PBXTargetDependency;
			target = BF44F271263C3B0F00F3D498 /* PowerAuth2ForExtensions_ios */;
			targetProxy = BF1ED08D2840ED3F00D6B380 /* PBXContainerItemProxy */;
		};
		BF1ED09F2840F4AC00D6B380 /* PBXTargetDependency */ = {
			isa = PBXTargetDependency;
			target = BF44F2DD263C403600F3D498 /* PowerAuth2ForExtensions_tvos */;
			targetProxy = BF1ED09E2840F4AC00D6B380 /* PBXContainerItemProxy */;
		};
/* End PBXTargetDependency section */

/* Begin XCBuildConfiguration section */
		BF1ED08F2840ED3F00D6B380 /* Debug */ = {
			isa = XCBuildConfiguration;
			buildSettings = {
				CLANG_CXX_LANGUAGE_STANDARD = "gnu++17";
				CODE_SIGN_STYLE = Automatic;
				CURRENT_PROJECT_VERSION = 1;
				DEVELOPMENT_TEAM = KTT9G859MR;
				GENERATE_INFOPLIST_FILE = YES;
				MARKETING_VERSION = 1.0;
				PRODUCT_BUNDLE_IDENTIFIER = com.wultra.lib.PowerAuth2ForExtensionsTests;
				PRODUCT_NAME = "$(TARGET_NAME)";
				SWIFT_EMIT_LOC_STRINGS = NO;
			};
			name = Debug;
		};
		BF1ED0902840ED3F00D6B380 /* Release */ = {
			isa = XCBuildConfiguration;
			buildSettings = {
				CLANG_CXX_LANGUAGE_STANDARD = "gnu++17";
				CODE_SIGN_STYLE = Automatic;
				CURRENT_PROJECT_VERSION = 1;
				DEVELOPMENT_TEAM = KTT9G859MR;
				GENERATE_INFOPLIST_FILE = YES;
				MARKETING_VERSION = 1.0;
				PRODUCT_BUNDLE_IDENTIFIER = com.wultra.lib.PowerAuth2ForExtensionsTests;
				PRODUCT_NAME = "$(TARGET_NAME)";
				SWIFT_EMIT_LOC_STRINGS = NO;
			};
			name = Release;
		};
		BF1ED09B2840F44200D6B380 /* Debug */ = {
			isa = XCBuildConfiguration;
			buildSettings = {
				CLANG_CXX_LANGUAGE_STANDARD = "gnu++17";
				CODE_SIGN_STYLE = Automatic;
				CURRENT_PROJECT_VERSION = 1;
				DEVELOPMENT_TEAM = KTT9G859MR;
				GENERATE_INFOPLIST_FILE = YES;
				MARKETING_VERSION = 1.0;
				PRODUCT_BUNDLE_IDENTIFIER = com.wultra.lib.PowerAuth2ForExtensionsTests;
				PRODUCT_NAME = "$(TARGET_NAME)";
				SDKROOT = appletvos;
				SWIFT_EMIT_LOC_STRINGS = NO;
			};
			name = Debug;
		};
		BF1ED09C2840F44200D6B380 /* Release */ = {
			isa = XCBuildConfiguration;
			buildSettings = {
				CLANG_CXX_LANGUAGE_STANDARD = "gnu++17";
				CODE_SIGN_STYLE = Automatic;
				CURRENT_PROJECT_VERSION = 1;
				DEVELOPMENT_TEAM = KTT9G859MR;
				GENERATE_INFOPLIST_FILE = YES;
				MARKETING_VERSION = 1.0;
				PRODUCT_BUNDLE_IDENTIFIER = com.wultra.lib.PowerAuth2ForExtensionsTests;
				PRODUCT_NAME = "$(TARGET_NAME)";
				SDKROOT = appletvos;
				SWIFT_EMIT_LOC_STRINGS = NO;
			};
			name = Release;
		};
		BF44F278263C3B0F00F3D498 /* Debug */ = {
			isa = XCBuildConfiguration;
			buildSettings = {
				ALWAYS_SEARCH_USER_PATHS = NO;
				APPLICATION_EXTENSION_API_ONLY = YES;
				CLANG_ANALYZER_NONNULL = YES;
				CLANG_ANALYZER_NUMBER_OBJECT_CONVERSION = YES_AGGRESSIVE;
				CLANG_CXX_LANGUAGE_STANDARD = "gnu++14";
				CLANG_CXX_LIBRARY = "libc++";
				CLANG_ENABLE_MODULES = YES;
				CLANG_ENABLE_OBJC_ARC = YES;
				CLANG_ENABLE_OBJC_WEAK = YES;
				CLANG_WARN_BLOCK_CAPTURE_AUTORELEASING = YES;
				CLANG_WARN_BOOL_CONVERSION = YES;
				CLANG_WARN_COMMA = YES;
				CLANG_WARN_CONSTANT_CONVERSION = YES;
				CLANG_WARN_DEPRECATED_OBJC_IMPLEMENTATIONS = YES;
				CLANG_WARN_DIRECT_OBJC_ISA_USAGE = YES_ERROR;
				CLANG_WARN_DOCUMENTATION_COMMENTS = YES;
				CLANG_WARN_EMPTY_BODY = YES;
				CLANG_WARN_ENUM_CONVERSION = YES;
				CLANG_WARN_INFINITE_RECURSION = YES;
				CLANG_WARN_INT_CONVERSION = YES;
				CLANG_WARN_NON_LITERAL_NULL_CONVERSION = YES;
				CLANG_WARN_OBJC_IMPLICIT_RETAIN_SELF = YES;
				CLANG_WARN_OBJC_LITERAL_CONVERSION = YES;
				CLANG_WARN_OBJC_ROOT_CLASS = YES_ERROR;
				CLANG_WARN_QUOTED_INCLUDE_IN_FRAMEWORK_HEADER = YES;
				CLANG_WARN_RANGE_LOOP_ANALYSIS = YES;
				CLANG_WARN_STRICT_PROTOTYPES = YES;
				CLANG_WARN_SUSPICIOUS_MOVE = YES;
				CLANG_WARN_UNGUARDED_AVAILABILITY = YES_AGGRESSIVE;
				CLANG_WARN_UNREACHABLE_CODE = YES;
				CLANG_WARN__DUPLICATE_METHOD_MATCH = YES;
				COPY_PHASE_STRIP = NO;
				CURRENT_PROJECT_VERSION = 1;
				DEBUG_INFORMATION_FORMAT = dwarf;
				ENABLE_STRICT_OBJC_MSGSEND = YES;
				ENABLE_TESTABILITY = YES;
				GCC_C_LANGUAGE_STANDARD = gnu11;
				GCC_DYNAMIC_NO_PIC = NO;
				GCC_NO_COMMON_BLOCKS = YES;
				GCC_OPTIMIZATION_LEVEL = 0;
				GCC_PREPROCESSOR_DEFINITIONS = (
					"DEBUG=1",
					"$(inherited)",
				);
				GCC_WARN_64_TO_32_BIT_CONVERSION = YES;
				GCC_WARN_ABOUT_RETURN_TYPE = YES_ERROR;
				GCC_WARN_UNDECLARED_SELECTOR = YES;
				GCC_WARN_UNINITIALIZED_AUTOS = YES_AGGRESSIVE;
				GCC_WARN_UNUSED_FUNCTION = YES;
				GCC_WARN_UNUSED_VARIABLE = YES;
				IPHONEOS_DEPLOYMENT_TARGET = 9.0;
				MACOSX_DEPLOYMENT_TARGET = 10.15;
				MTL_ENABLE_DEBUG_INFO = INCLUDE_SOURCE;
				MTL_FAST_MATH = YES;
				ONLY_ACTIVE_ARCH = YES;
				SDKROOT = iphoneos;
				TVOS_DEPLOYMENT_TARGET = 9.0;
				VERSIONING_SYSTEM = "apple-generic";
				VERSION_INFO_PREFIX = "";
				WATCHOS_DEPLOYMENT_TARGET = 2.0;
			};
			name = Debug;
		};
		BF44F279263C3B0F00F3D498 /* Release */ = {
			isa = XCBuildConfiguration;
			buildSettings = {
				ALWAYS_SEARCH_USER_PATHS = NO;
				APPLICATION_EXTENSION_API_ONLY = YES;
				CLANG_ANALYZER_NONNULL = YES;
				CLANG_ANALYZER_NUMBER_OBJECT_CONVERSION = YES_AGGRESSIVE;
				CLANG_CXX_LANGUAGE_STANDARD = "gnu++14";
				CLANG_CXX_LIBRARY = "libc++";
				CLANG_ENABLE_MODULES = YES;
				CLANG_ENABLE_OBJC_ARC = YES;
				CLANG_ENABLE_OBJC_WEAK = YES;
				CLANG_WARN_BLOCK_CAPTURE_AUTORELEASING = YES;
				CLANG_WARN_BOOL_CONVERSION = YES;
				CLANG_WARN_COMMA = YES;
				CLANG_WARN_CONSTANT_CONVERSION = YES;
				CLANG_WARN_DEPRECATED_OBJC_IMPLEMENTATIONS = YES;
				CLANG_WARN_DIRECT_OBJC_ISA_USAGE = YES_ERROR;
				CLANG_WARN_DOCUMENTATION_COMMENTS = YES;
				CLANG_WARN_EMPTY_BODY = YES;
				CLANG_WARN_ENUM_CONVERSION = YES;
				CLANG_WARN_INFINITE_RECURSION = YES;
				CLANG_WARN_INT_CONVERSION = YES;
				CLANG_WARN_NON_LITERAL_NULL_CONVERSION = YES;
				CLANG_WARN_OBJC_IMPLICIT_RETAIN_SELF = YES;
				CLANG_WARN_OBJC_LITERAL_CONVERSION = YES;
				CLANG_WARN_OBJC_ROOT_CLASS = YES_ERROR;
				CLANG_WARN_QUOTED_INCLUDE_IN_FRAMEWORK_HEADER = YES;
				CLANG_WARN_RANGE_LOOP_ANALYSIS = YES;
				CLANG_WARN_STRICT_PROTOTYPES = YES;
				CLANG_WARN_SUSPICIOUS_MOVE = YES;
				CLANG_WARN_UNGUARDED_AVAILABILITY = YES_AGGRESSIVE;
				CLANG_WARN_UNREACHABLE_CODE = YES;
				CLANG_WARN__DUPLICATE_METHOD_MATCH = YES;
				COPY_PHASE_STRIP = NO;
				CURRENT_PROJECT_VERSION = 1;
				DEBUG_INFORMATION_FORMAT = "dwarf-with-dsym";
				ENABLE_NS_ASSERTIONS = NO;
				ENABLE_STRICT_OBJC_MSGSEND = YES;
				GCC_C_LANGUAGE_STANDARD = gnu11;
				GCC_NO_COMMON_BLOCKS = YES;
				GCC_WARN_64_TO_32_BIT_CONVERSION = YES;
				GCC_WARN_ABOUT_RETURN_TYPE = YES_ERROR;
				GCC_WARN_UNDECLARED_SELECTOR = YES;
				GCC_WARN_UNINITIALIZED_AUTOS = YES_AGGRESSIVE;
				GCC_WARN_UNUSED_FUNCTION = YES;
				GCC_WARN_UNUSED_VARIABLE = YES;
				IPHONEOS_DEPLOYMENT_TARGET = 9.0;
				MACOSX_DEPLOYMENT_TARGET = 10.15;
				MTL_ENABLE_DEBUG_INFO = NO;
				MTL_FAST_MATH = YES;
				SDKROOT = iphoneos;
				TVOS_DEPLOYMENT_TARGET = 9.0;
				VALIDATE_PRODUCT = YES;
				VERSIONING_SYSTEM = "apple-generic";
				VERSION_INFO_PREFIX = "";
				WATCHOS_DEPLOYMENT_TARGET = 2.0;
			};
			name = Release;
		};
		BF44F27B263C3B0F00F3D498 /* Debug */ = {
			isa = XCBuildConfiguration;
			buildSettings = {
				CLANG_WARN_OBJC_IMPLICIT_RETAIN_SELF = NO;
				CODE_SIGN_STYLE = Automatic;
				DEFINES_MODULE = YES;
				DYLIB_COMPATIBILITY_VERSION = 1;
				DYLIB_CURRENT_VERSION = 1;
				DYLIB_INSTALL_NAME_BASE = "@rpath";
				GCC_PREPROCESSOR_DEFINITIONS = (
					"DEBUG=1",
					"PA2_EXTENSION_SDK=1",
					"$(inherited)",
				);
				INFOPLIST_FILE = PowerAuth2ForExtensions/Info.plist;
				INSTALL_PATH = "$(LOCAL_LIBRARY_DIR)/Frameworks";
				LD_RUNPATH_SEARCH_PATHS = (
					"$(inherited)",
					"@executable_path/Frameworks",
					"@loader_path/Frameworks",
				);
				PRODUCT_BUNDLE_IDENTIFIER = com.wultra.lib.PowerAuth2ForExtensions;
				PRODUCT_NAME = PowerAuth2ForExtensions;
				SKIP_INSTALL = YES;
				TARGETED_DEVICE_FAMILY = "1,2";
			};
			name = Debug;
		};
		BF44F27C263C3B0F00F3D498 /* Release */ = {
			isa = XCBuildConfiguration;
			buildSettings = {
				CLANG_WARN_OBJC_IMPLICIT_RETAIN_SELF = NO;
				CODE_SIGN_STYLE = Automatic;
				DEFINES_MODULE = YES;
				DYLIB_COMPATIBILITY_VERSION = 1;
				DYLIB_CURRENT_VERSION = 1;
				DYLIB_INSTALL_NAME_BASE = "@rpath";
				GCC_PREPROCESSOR_DEFINITIONS = (
					"PA2_EXTENSION_SDK=1",
					"$(inherited)",
				);
				INFOPLIST_FILE = PowerAuth2ForExtensions/Info.plist;
				INSTALL_PATH = "$(LOCAL_LIBRARY_DIR)/Frameworks";
				LD_RUNPATH_SEARCH_PATHS = (
					"$(inherited)",
					"@executable_path/Frameworks",
					"@loader_path/Frameworks",
				);
				PRODUCT_BUNDLE_IDENTIFIER = com.wultra.lib.PowerAuth2ForExtensions;
				PRODUCT_NAME = PowerAuth2ForExtensions;
				SKIP_INSTALL = YES;
				TARGETED_DEVICE_FAMILY = "1,2";
			};
			name = Release;
		};
		BF44F307263C403600F3D498 /* Debug */ = {
			isa = XCBuildConfiguration;
			buildSettings = {
				CLANG_WARN_OBJC_IMPLICIT_RETAIN_SELF = NO;
				CODE_SIGN_STYLE = Automatic;
				DEFINES_MODULE = YES;
				DYLIB_COMPATIBILITY_VERSION = 1;
				DYLIB_CURRENT_VERSION = 1;
				DYLIB_INSTALL_NAME_BASE = "@rpath";
				GCC_PREPROCESSOR_DEFINITIONS = (
					"DEBUG=1",
					"PA2_EXTENSION_SDK=1",
					"$(inherited)",
				);
				INFOPLIST_FILE = PowerAuth2ForExtensions/Info.plist;
				INSTALL_PATH = "$(LOCAL_LIBRARY_DIR)/Frameworks";
				LD_RUNPATH_SEARCH_PATHS = (
					"$(inherited)",
					"@executable_path/Frameworks",
					"@loader_path/Frameworks",
				);
				PRODUCT_BUNDLE_IDENTIFIER = com.wultra.lib.PowerAuth2ForExtensions;
				PRODUCT_NAME = PowerAuth2ForExtensions;
				SDKROOT = appletvos;
				SKIP_INSTALL = YES;
			};
			name = Debug;
		};
		BF44F308263C403600F3D498 /* Release */ = {
			isa = XCBuildConfiguration;
			buildSettings = {
				CLANG_WARN_OBJC_IMPLICIT_RETAIN_SELF = NO;
				CODE_SIGN_STYLE = Automatic;
				DEFINES_MODULE = YES;
				DYLIB_COMPATIBILITY_VERSION = 1;
				DYLIB_CURRENT_VERSION = 1;
				DYLIB_INSTALL_NAME_BASE = "@rpath";
				GCC_PREPROCESSOR_DEFINITIONS = (
					"PA2_EXTENSION_SDK=1",
					"$(inherited)",
				);
				INFOPLIST_FILE = PowerAuth2ForExtensions/Info.plist;
				INSTALL_PATH = "$(LOCAL_LIBRARY_DIR)/Frameworks";
				LD_RUNPATH_SEARCH_PATHS = (
					"$(inherited)",
					"@executable_path/Frameworks",
					"@loader_path/Frameworks",
				);
				PRODUCT_BUNDLE_IDENTIFIER = com.wultra.lib.PowerAuth2ForExtensions;
				PRODUCT_NAME = PowerAuth2ForExtensions;
				SDKROOT = appletvos;
				SKIP_INSTALL = YES;
			};
			name = Release;
		};
/* End XCBuildConfiguration section */

/* Begin XCConfigurationList section */
		BF1ED0912840ED3F00D6B380 /* Build configuration list for PBXNativeTarget "PowerAuth2ForExtensionsTests_ios" */ = {
			isa = XCConfigurationList;
			buildConfigurations = (
				BF1ED08F2840ED3F00D6B380 /* Debug */,
				BF1ED0902840ED3F00D6B380 /* Release */,
			);
			defaultConfigurationIsVisible = 0;
			defaultConfigurationName = Release;
		};
		BF1ED09A2840F44200D6B380 /* Build configuration list for PBXNativeTarget "PowerAuth2ForExtensionsTests_tvos" */ = {
			isa = XCConfigurationList;
			buildConfigurations = (
				BF1ED09B2840F44200D6B380 /* Debug */,
				BF1ED09C2840F44200D6B380 /* Release */,
			);
			defaultConfigurationIsVisible = 0;
			defaultConfigurationName = Release;
		};
		BF44F26C263C3B0F00F3D498 /* Build configuration list for PBXProject "PowerAuth2ForExtensions" */ = {
			isa = XCConfigurationList;
			buildConfigurations = (
				BF44F278263C3B0F00F3D498 /* Debug */,
				BF44F279263C3B0F00F3D498 /* Release */,
			);
			defaultConfigurationIsVisible = 0;
			defaultConfigurationName = Release;
		};
		BF44F27A263C3B0F00F3D498 /* Build configuration list for PBXNativeTarget "PowerAuth2ForExtensions_ios" */ = {
			isa = XCConfigurationList;
			buildConfigurations = (
				BF44F27B263C3B0F00F3D498 /* Debug */,
				BF44F27C263C3B0F00F3D498 /* Release */,
			);
			defaultConfigurationIsVisible = 0;
			defaultConfigurationName = Release;
		};
		BF44F306263C403600F3D498 /* Build configuration list for PBXNativeTarget "PowerAuth2ForExtensions_tvos" */ = {
			isa = XCConfigurationList;
			buildConfigurations = (
				BF44F307263C403600F3D498 /* Debug */,
				BF44F308263C403600F3D498 /* Release */,
			);
			defaultConfigurationIsVisible = 0;
			defaultConfigurationName = Release;
		};
/* End XCConfigurationList section */
	};
	rootObject = BF44F269263C3B0F00F3D498 /* Project object */;
}
