// !$*UTF8*$!
{
	archiveVersion = 1;
	classes = {
	};
	objectVersion = 48;
	objects = {

/* Begin PBXBuildFile section */
		BF462B722011009400529EFC /* PA2WCSessionPacket_Success.h in Headers */ = {isa = PBXBuildFile; fileRef = BF462B702011009400529EFC /* PA2WCSessionPacket_Success.h */; settings = {ATTRIBUTES = (Private, ); }; };
		BF462B732011009400529EFC /* PA2WCSessionPacket_Success.m in Sources */ = {isa = PBXBuildFile; fileRef = BF462B712011009400529EFC /* PA2WCSessionPacket_Success.m */; };
		BF5491E11FFFBAAC0036DB9E /* PA2ErrorConstants.m in Sources */ = {isa = PBXBuildFile; fileRef = BF30175E1FE020F00099B253 /* PA2ErrorConstants.m */; };
		BF5491E21FFFBAAF0036DB9E /* PA2PrivateMacros.m in Sources */ = {isa = PBXBuildFile; fileRef = BF5A237D1FE0099100B78DE2 /* PA2PrivateMacros.m */; };
		BF5491E31FFFBAB20036DB9E /* PA2PrivateCrypto_Ext.m in Sources */ = {isa = PBXBuildFile; fileRef = BF5A23781FE0096B00B78DE2 /* PA2PrivateCrypto_Ext.m */; };
		BF5491E41FFFBAB70036DB9E /* PA2KeychainConfiguration.m in Sources */ = {isa = PBXBuildFile; fileRef = BF5A23801FE009BC00B78DE2 /* PA2KeychainConfiguration.m */; };
		BF5491E51FFFBABA0036DB9E /* PA2Keychain.m in Sources */ = {isa = PBXBuildFile; fileRef = BF7D50661FE0002600200119 /* PA2Keychain.m */; };
		BF5491E61FFFBABD0036DB9E /* PowerAuthAuthentication.m in Sources */ = {isa = PBXBuildFile; fileRef = BF5A23891FE00A4A00B78DE2 /* PowerAuthAuthentication.m */; };
		BF5491E71FFFBABF0036DB9E /* PowerAuthConfiguration.m in Sources */ = {isa = PBXBuildFile; fileRef = BF5A23881FE00A4A00B78DE2 /* PowerAuthConfiguration.m */; };
		BF5491E81FFFBAC20036DB9E /* PowerAuthToken.m in Sources */ = {isa = PBXBuildFile; fileRef = BF5A238A1FE00A4A00B78DE2 /* PowerAuthToken.m */; };
		BF5491E91FFFBAC60036DB9E /* PA2PrivateTokenData.m in Sources */ = {isa = PBXBuildFile; fileRef = BF5A23951FE00A8800B78DE2 /* PA2PrivateTokenData.m */; };
		BF5491EA1FFFBACB0036DB9E /* PA2PrivateTokenKeychainStore.m in Sources */ = {isa = PBXBuildFile; fileRef = BF30176F1FE037B60099B253 /* PA2PrivateTokenKeychainStore.m */; };
		BF5491EB1FFFBACE0036DB9E /* PA2AuthorizationHttpHeader.m in Sources */ = {isa = PBXBuildFile; fileRef = BF5A239D1FE00AFC00B78DE2 /* PA2AuthorizationHttpHeader.m */; };
		BF5491FE1FFFC1730036DB9E /* PA2SessionStatusDataReader.m in Sources */ = {isa = PBXBuildFile; fileRef = BF0EBEDB1FE166B700E97918 /* PA2SessionStatusDataReader.m */; };
		BF5491FF1FFFC1770036DB9E /* PowerAuthExtensionSDK.m in Sources */ = {isa = PBXBuildFile; fileRef = BF3017631FE024560099B253 /* PowerAuthExtensionSDK.m */; };
		BF5492041FFFC6C00036DB9E /* PA2Macros.h in Headers */ = {isa = PBXBuildFile; fileRef = BF5A237B1FE0098700B78DE2 /* PA2Macros.h */; settings = {ATTRIBUTES = (Public, ); }; };
		BF5492051FFFC6CF0036DB9E /* PA2ErrorConstants.h in Headers */ = {isa = PBXBuildFile; fileRef = BF30175F1FE020F00099B253 /* PA2ErrorConstants.h */; settings = {ATTRIBUTES = (Public, ); }; };
		BF5492061FFFC6D40036DB9E /* PA2SessionStatusProvider.h in Headers */ = {isa = PBXBuildFile; fileRef = BF30176E1FE028660099B253 /* PA2SessionStatusProvider.h */; settings = {ATTRIBUTES = (Public, ); }; };
		BF5492071FFFC6DB0036DB9E /* PA2PrivateMacros.h in Headers */ = {isa = PBXBuildFile; fileRef = BF5A237C1FE0099100B78DE2 /* PA2PrivateMacros.h */; settings = {ATTRIBUTES = (Private, ); }; };
		BF5492081FFFC6DF0036DB9E /* PA2PrivateCrypto.h in Headers */ = {isa = PBXBuildFile; fileRef = BF5A23771FE0096100B78DE2 /* PA2PrivateCrypto.h */; settings = {ATTRIBUTES = (Private, ); }; };
		BF5492091FFFC6E50036DB9E /* PA2KeychainConfiguration.h in Headers */ = {isa = PBXBuildFile; fileRef = BF5A23811FE009BC00B78DE2 /* PA2KeychainConfiguration.h */; settings = {ATTRIBUTES = (Public, ); }; };
		BF54920A1FFFC6EB0036DB9E /* PA2Keychain.h in Headers */ = {isa = PBXBuildFile; fileRef = BF7D50671FE0002600200119 /* PA2Keychain.h */; settings = {ATTRIBUTES = (Public, ); }; };
		BF54920B1FFFC6F00036DB9E /* PowerAuthAuthentication.h in Headers */ = {isa = PBXBuildFile; fileRef = BF5A23851FE00A4A00B78DE2 /* PowerAuthAuthentication.h */; settings = {ATTRIBUTES = (Public, ); }; };
		BF54920C1FFFC6F90036DB9E /* PowerAuthConfiguration.h in Headers */ = {isa = PBXBuildFile; fileRef = BF5A23861FE00A4A00B78DE2 /* PowerAuthConfiguration.h */; settings = {ATTRIBUTES = (Public, ); }; };
		BF54920D1FFFC6FE0036DB9E /* PowerAuthToken.h in Headers */ = {isa = PBXBuildFile; fileRef = BF5A23871FE00A4A00B78DE2 /* PowerAuthToken.h */; settings = {ATTRIBUTES = (Public, ); }; };
		BF54920E1FFFC7030036DB9E /* PA2PrivateTokenData.h in Headers */ = {isa = PBXBuildFile; fileRef = BF5A23931FE00A8800B78DE2 /* PA2PrivateTokenData.h */; settings = {ATTRIBUTES = (Private, ); }; };
		BF54920F1FFFC7070036DB9E /* PA2PrivateTokenInterfaces.h in Headers */ = {isa = PBXBuildFile; fileRef = BF5A23961FE00A8800B78DE2 /* PA2PrivateTokenInterfaces.h */; settings = {ATTRIBUTES = (Private, ); }; };
		BF5492101FFFC70D0036DB9E /* PA2PrivateRemoteTokenProvider.h in Headers */ = {isa = PBXBuildFile; fileRef = BF3017701FE037B60099B253 /* PA2PrivateRemoteTokenProvider.h */; settings = {ATTRIBUTES = (Private, ); }; };
		BF5492111FFFC7130036DB9E /* PA2PrivateTokenKeychainStore.h in Headers */ = {isa = PBXBuildFile; fileRef = BF3017711FE037B60099B253 /* PA2PrivateTokenKeychainStore.h */; settings = {ATTRIBUTES = (Private, ); }; };
		BF5492121FFFC7170036DB9E /* PA2AuthorizationHttpHeader.h in Headers */ = {isa = PBXBuildFile; fileRef = BF5A239E1FE00AFC00B78DE2 /* PA2AuthorizationHttpHeader.h */; settings = {ATTRIBUTES = (Public, ); }; };
		BF5492131FFFC7210036DB9E /* PowerAuthExtensionSDK.h in Headers */ = {isa = PBXBuildFile; fileRef = BF3017621FE024560099B253 /* PowerAuthExtensionSDK.h */; settings = {ATTRIBUTES = (Public, ); }; };
		BF5492141FFFC7860036DB9E /* PowerAuth2ForExtensions-umbrella.h in Headers */ = {isa = PBXBuildFile; fileRef = BF5491FC1FFFBFA90036DB9E /* PowerAuth2ForExtensions-umbrella.h */; settings = {ATTRIBUTES = (Public, ); }; };
		BF5492161FFFC7C60036DB9E /* PA2SessionStatusDataReader.h in Headers */ = {isa = PBXBuildFile; fileRef = BF0EBEDA1FE166B700E97918 /* PA2SessionStatusDataReader.h */; settings = {ATTRIBUTES = (Private, ); }; };
		BF54921B1FFFE15C0036DB9E /* Security.framework in Frameworks */ = {isa = PBXBuildFile; fileRef = BF54921A1FFFE15C0036DB9E /* Security.framework */; };
		BF8C30382004E20000EAF830 /* PA2ExtensionLibrary.h in Headers */ = {isa = PBXBuildFile; fileRef = BF8C30362004E20000EAF830 /* PA2ExtensionLibrary.h */; settings = {ATTRIBUTES = (Public, ); }; };
		BF8C303B2004E20000EAF830 /* PA2ExtensionLibrary.m in Sources */ = {isa = PBXBuildFile; fileRef = BF8C30372004E20000EAF830 /* PA2ExtensionLibrary.m */; };
		BF8E4EFF2010DC7800010B74 /* PA2WatchRemoteTokenProvider.h in Headers */ = {isa = PBXBuildFile; fileRef = BF8E4EFD2010DC7800010B74 /* PA2WatchRemoteTokenProvider.h */; };
		BF8E4F002010DC7800010B74 /* PA2WatchRemoteTokenProvider.m in Sources */ = {isa = PBXBuildFile; fileRef = BF8E4EFE2010DC7800010B74 /* PA2WatchRemoteTokenProvider.m */; };
		BFA0E272200CF2F70011F0A6 /* Security.framework in Frameworks */ = {isa = PBXBuildFile; fileRef = BFA0E271200CF2F70011F0A6 /* Security.framework */; };
		BFA0E273200CF37B0011F0A6 /* PowerAuthWatchSDK.h in Headers */ = {isa = PBXBuildFile; fileRef = BF3017651FE0247A0099B253 /* PowerAuthWatchSDK.h */; settings = {ATTRIBUTES = (Public, ); }; };
		BFA0E274200CF37F0011F0A6 /* PowerAuth2ForWatch-umbrella.h in Headers */ = {isa = PBXBuildFile; fileRef = BFA0E261200CF1A10011F0A6 /* PowerAuth2ForWatch-umbrella.h */; settings = {ATTRIBUTES = (Public, ); }; };
		BFA0E275200CF3D20011F0A6 /* PA2ExtensionLibrary.h in Headers */ = {isa = PBXBuildFile; fileRef = BF8C30362004E20000EAF830 /* PA2ExtensionLibrary.h */; settings = {ATTRIBUTES = (Public, ); }; };
		BFA0E276200CF3D60011F0A6 /* PA2ExtensionLibrary.m in Sources */ = {isa = PBXBuildFile; fileRef = BF8C30372004E20000EAF830 /* PA2ExtensionLibrary.m */; };
		BFA0E278200CF4050011F0A6 /* PA2Macros.h in Headers */ = {isa = PBXBuildFile; fileRef = BF5A237B1FE0098700B78DE2 /* PA2Macros.h */; settings = {ATTRIBUTES = (Public, ); }; };
		BFA0E279200CF4090011F0A6 /* PA2ErrorConstants.h in Headers */ = {isa = PBXBuildFile; fileRef = BF30175F1FE020F00099B253 /* PA2ErrorConstants.h */; settings = {ATTRIBUTES = (Public, ); }; };
		BFA0E27A200CF40E0011F0A6 /* PA2ErrorConstants.m in Sources */ = {isa = PBXBuildFile; fileRef = BF30175E1FE020F00099B253 /* PA2ErrorConstants.m */; };
		BFA0E27B200CF4290011F0A6 /* PA2SessionStatusProvider.h in Headers */ = {isa = PBXBuildFile; fileRef = BF30176E1FE028660099B253 /* PA2SessionStatusProvider.h */; settings = {ATTRIBUTES = (Public, ); }; };
		BFA0E27C200CF4310011F0A6 /* PA2PrivateMacros.h in Headers */ = {isa = PBXBuildFile; fileRef = BF5A237C1FE0099100B78DE2 /* PA2PrivateMacros.h */; settings = {ATTRIBUTES = (Private, ); }; };
		BFA0E27D200CF43E0011F0A6 /* PA2PrivateMacros.m in Sources */ = {isa = PBXBuildFile; fileRef = BF5A237D1FE0099100B78DE2 /* PA2PrivateMacros.m */; };
		BFA0E27E200CF4420011F0A6 /* PA2PrivateCrypto.h in Headers */ = {isa = PBXBuildFile; fileRef = BF5A23771FE0096100B78DE2 /* PA2PrivateCrypto.h */; settings = {ATTRIBUTES = (Private, ); }; };
		BFA0E27F200CF4470011F0A6 /* PA2PrivateCrypto_Ext.m in Sources */ = {isa = PBXBuildFile; fileRef = BF5A23781FE0096B00B78DE2 /* PA2PrivateCrypto_Ext.m */; };
		BFA0E280200CF44B0011F0A6 /* PA2KeychainConfiguration.h in Headers */ = {isa = PBXBuildFile; fileRef = BF5A23811FE009BC00B78DE2 /* PA2KeychainConfiguration.h */; settings = {ATTRIBUTES = (Public, ); }; };
		BFA0E281200CF44F0011F0A6 /* PA2KeychainConfiguration.m in Sources */ = {isa = PBXBuildFile; fileRef = BF5A23801FE009BC00B78DE2 /* PA2KeychainConfiguration.m */; };
		BFA0E282200CF4520011F0A6 /* PA2Keychain.h in Headers */ = {isa = PBXBuildFile; fileRef = BF7D50671FE0002600200119 /* PA2Keychain.h */; settings = {ATTRIBUTES = (Public, ); }; };
		BFA0E283200CF4580011F0A6 /* PA2Keychain.m in Sources */ = {isa = PBXBuildFile; fileRef = BF7D50661FE0002600200119 /* PA2Keychain.m */; };
		BFA0E284200CF45C0011F0A6 /* PowerAuthAuthentication.h in Headers */ = {isa = PBXBuildFile; fileRef = BF5A23851FE00A4A00B78DE2 /* PowerAuthAuthentication.h */; settings = {ATTRIBUTES = (Public, ); }; };
		BFA0E285200CF4670011F0A6 /* PowerAuthAuthentication.m in Sources */ = {isa = PBXBuildFile; fileRef = BF5A23891FE00A4A00B78DE2 /* PowerAuthAuthentication.m */; };
		BFA0E286200CF46B0011F0A6 /* PowerAuthConfiguration.h in Headers */ = {isa = PBXBuildFile; fileRef = BF5A23861FE00A4A00B78DE2 /* PowerAuthConfiguration.h */; settings = {ATTRIBUTES = (Public, ); }; };
		BFA0E287200CF4710011F0A6 /* PowerAuthConfiguration.m in Sources */ = {isa = PBXBuildFile; fileRef = BF5A23881FE00A4A00B78DE2 /* PowerAuthConfiguration.m */; };
		BFA0E288200CF4730011F0A6 /* PowerAuthToken.h in Headers */ = {isa = PBXBuildFile; fileRef = BF5A23871FE00A4A00B78DE2 /* PowerAuthToken.h */; settings = {ATTRIBUTES = (Public, ); }; };
		BFA0E289200CF4790011F0A6 /* PowerAuthToken.m in Sources */ = {isa = PBXBuildFile; fileRef = BF5A238A1FE00A4A00B78DE2 /* PowerAuthToken.m */; };
		BFA0E28A200CF48B0011F0A6 /* PA2PrivateTokenData.h in Headers */ = {isa = PBXBuildFile; fileRef = BF5A23931FE00A8800B78DE2 /* PA2PrivateTokenData.h */; settings = {ATTRIBUTES = (Private, ); }; };
		BFA0E28B200CF4900011F0A6 /* PA2PrivateTokenData.m in Sources */ = {isa = PBXBuildFile; fileRef = BF5A23951FE00A8800B78DE2 /* PA2PrivateTokenData.m */; };
		BFA0E28C200CF4930011F0A6 /* PA2PrivateTokenInterfaces.h in Headers */ = {isa = PBXBuildFile; fileRef = BF5A23961FE00A8800B78DE2 /* PA2PrivateTokenInterfaces.h */; settings = {ATTRIBUTES = (Private, ); }; };
		BFA0E28D200CF4970011F0A6 /* PA2PrivateRemoteTokenProvider.h in Headers */ = {isa = PBXBuildFile; fileRef = BF3017701FE037B60099B253 /* PA2PrivateRemoteTokenProvider.h */; settings = {ATTRIBUTES = (Private, ); }; };
		BFA0E28E200CF49B0011F0A6 /* PA2PrivateTokenKeychainStore.h in Headers */ = {isa = PBXBuildFile; fileRef = BF3017711FE037B60099B253 /* PA2PrivateTokenKeychainStore.h */; settings = {ATTRIBUTES = (Private, ); }; };
		BFA0E28F200CF4A00011F0A6 /* PA2PrivateTokenKeychainStore.m in Sources */ = {isa = PBXBuildFile; fileRef = BF30176F1FE037B60099B253 /* PA2PrivateTokenKeychainStore.m */; };
		BFA0E290200CF4A50011F0A6 /* PA2AuthorizationHttpHeader.h in Headers */ = {isa = PBXBuildFile; fileRef = BF5A239E1FE00AFC00B78DE2 /* PA2AuthorizationHttpHeader.h */; settings = {ATTRIBUTES = (Public, ); }; };
		BFA0E291200CF4AB0011F0A6 /* PA2AuthorizationHttpHeader.m in Sources */ = {isa = PBXBuildFile; fileRef = BF5A239D1FE00AFC00B78DE2 /* PA2AuthorizationHttpHeader.m */; };
		BFA0E2A7200D12990011F0A6 /* PA2WCSessionManager.m in Sources */ = {isa = PBXBuildFile; fileRef = BFA0E2A5200D12990011F0A6 /* PA2WCSessionManager.m */; };
		BFA0E2A8200D12990011F0A6 /* PA2WCSessionManager.h in Headers */ = {isa = PBXBuildFile; fileRef = BFA0E2A6200D12990011F0A6 /* PA2WCSessionManager.h */; settings = {ATTRIBUTES = (Public, ); }; };
		BFA0E2AC200D2B530011F0A6 /* PA2WCSessionManager+Private.h in Headers */ = {isa = PBXBuildFile; fileRef = BFA0E2AB200D2B530011F0A6 /* PA2WCSessionManager+Private.h */; settings = {ATTRIBUTES = (Private, ); }; };
		BFA0E2BD200E65B60011F0A6 /* PA2WCSessionDataHandler.h in Headers */ = {isa = PBXBuildFile; fileRef = BFA0E2BC200E65B60011F0A6 /* PA2WCSessionDataHandler.h */; settings = {ATTRIBUTES = (Private, ); }; };
		BFA0E2C6200E65D70011F0A6 /* PA2WCSessionPacket_TokenData.h in Headers */ = {isa = PBXBuildFile; fileRef = BFA0E2BE200E65D60011F0A6 /* PA2WCSessionPacket_TokenData.h */; settings = {ATTRIBUTES = (Private, ); }; };
		BFA0E2C7200E65D70011F0A6 /* PA2WCSessionPacket_Constants.m in Sources */ = {isa = PBXBuildFile; fileRef = BFA0E2BF200E65D60011F0A6 /* PA2WCSessionPacket_Constants.m */; };
		BFA0E2C8200E65D70011F0A6 /* PA2WCSessionPacket_TokenData.m in Sources */ = {isa = PBXBuildFile; fileRef = BFA0E2C0200E65D60011F0A6 /* PA2WCSessionPacket_TokenData.m */; };
		BFA0E2C9200E65D70011F0A6 /* PA2WCSessionPacket.m in Sources */ = {isa = PBXBuildFile; fileRef = BFA0E2C1200E65D60011F0A6 /* PA2WCSessionPacket.m */; };
		BFA0E2CA200E65D70011F0A6 /* PA2WCSessionPacket_ActivationStatus.h in Headers */ = {isa = PBXBuildFile; fileRef = BFA0E2C2200E65D60011F0A6 /* PA2WCSessionPacket_ActivationStatus.h */; settings = {ATTRIBUTES = (Private, ); }; };
		BFA0E2CB200E65D70011F0A6 /* PA2WCSessionPacket_Constants.h in Headers */ = {isa = PBXBuildFile; fileRef = BFA0E2C3200E65D60011F0A6 /* PA2WCSessionPacket_Constants.h */; settings = {ATTRIBUTES = (Private, ); }; };
		BFA0E2CC200E65D70011F0A6 /* PA2WCSessionPacket_ActivationStatus.m in Sources */ = {isa = PBXBuildFile; fileRef = BFA0E2C4200E65D60011F0A6 /* PA2WCSessionPacket_ActivationStatus.m */; };
		BFA0E2CD200E65D70011F0A6 /* PA2WCSessionPacket.h in Headers */ = {isa = PBXBuildFile; fileRef = BFA0E2C5200E65D60011F0A6 /* PA2WCSessionPacket.h */; settings = {ATTRIBUTES = (Private, ); }; };
		BFA0E2CE200FA0AA0011F0A6 /* PowerAuthWatchSDK.m in Sources */ = {isa = PBXBuildFile; fileRef = BF3017661FE0247A0099B253 /* PowerAuthWatchSDK.m */; };
		BFA0E2D1200FA1D30011F0A6 /* PA2WatchSynchronizationService.h in Headers */ = {isa = PBXBuildFile; fileRef = BFA0E2CF200FA1D30011F0A6 /* PA2WatchSynchronizationService.h */; settings = {ATTRIBUTES = (Private, ); }; };
		BFA0E2D2200FA1D30011F0A6 /* PA2WatchSynchronizationService.m in Sources */ = {isa = PBXBuildFile; fileRef = BFA0E2D0200FA1D30011F0A6 /* PA2WatchSynchronizationService.m */; };
		BFA0E2D9200FB5600011F0A6 /* PA2WeakArray.h in Headers */ = {isa = PBXBuildFile; fileRef = BFA0E2D7200FB5600011F0A6 /* PA2WeakArray.h */; settings = {ATTRIBUTES = (Private, ); }; };
		BFA0E2DA200FB5600011F0A6 /* PA2WeakArray.m in Sources */ = {isa = PBXBuildFile; fileRef = BFA0E2D8200FB5600011F0A6 /* PA2WeakArray.m */; };
		BFA0E2DE200FCF710011F0A6 /* PA2WCSessionManager_WatchServices.m in Sources */ = {isa = PBXBuildFile; fileRef = BFA0E2DD200FCF710011F0A6 /* PA2WCSessionManager_WatchServices.m */; };
/* End PBXBuildFile section */

/* Begin PBXFileReference section */
		BF0EBEDA1FE166B700E97918 /* PA2SessionStatusDataReader.h */ = {isa = PBXFileReference; fileEncoding = 4; lastKnownFileType = sourcecode.c.h; path = PA2SessionStatusDataReader.h; sourceTree = "<group>"; };
		BF0EBEDB1FE166B700E97918 /* PA2SessionStatusDataReader.m */ = {isa = PBXFileReference; fileEncoding = 4; lastKnownFileType = sourcecode.c.objc; path = PA2SessionStatusDataReader.m; sourceTree = "<group>"; };
		BF30175E1FE020F00099B253 /* PA2ErrorConstants.m */ = {isa = PBXFileReference; fileEncoding = 4; lastKnownFileType = sourcecode.c.objc; name = PA2ErrorConstants.m; path = Classes/core/PA2ErrorConstants.m; sourceTree = "<group>"; };
		BF30175F1FE020F00099B253 /* PA2ErrorConstants.h */ = {isa = PBXFileReference; fileEncoding = 4; lastKnownFileType = sourcecode.c.h; name = PA2ErrorConstants.h; path = Classes/core/PA2ErrorConstants.h; sourceTree = "<group>"; };
		BF3017621FE024560099B253 /* PowerAuthExtensionSDK.h */ = {isa = PBXFileReference; lastKnownFileType = sourcecode.c.h; path = PowerAuthExtensionSDK.h; sourceTree = "<group>"; };
		BF3017631FE024560099B253 /* PowerAuthExtensionSDK.m */ = {isa = PBXFileReference; lastKnownFileType = sourcecode.c.objc; path = PowerAuthExtensionSDK.m; sourceTree = "<group>"; };
		BF3017651FE0247A0099B253 /* PowerAuthWatchSDK.h */ = {isa = PBXFileReference; lastKnownFileType = sourcecode.c.h; path = PowerAuthWatchSDK.h; sourceTree = "<group>"; };
		BF3017661FE0247A0099B253 /* PowerAuthWatchSDK.m */ = {isa = PBXFileReference; lastKnownFileType = sourcecode.c.objc; path = PowerAuthWatchSDK.m; sourceTree = "<group>"; };
		BF30176E1FE028660099B253 /* PA2SessionStatusProvider.h */ = {isa = PBXFileReference; lastKnownFileType = sourcecode.c.h; name = PA2SessionStatusProvider.h; path = Classes/core/PA2SessionStatusProvider.h; sourceTree = "<group>"; };
		BF30176F1FE037B60099B253 /* PA2PrivateTokenKeychainStore.m */ = {isa = PBXFileReference; fileEncoding = 4; lastKnownFileType = sourcecode.c.objc; name = PA2PrivateTokenKeychainStore.m; path = Classes/token/PA2PrivateTokenKeychainStore.m; sourceTree = "<group>"; };
		BF3017701FE037B60099B253 /* PA2PrivateRemoteTokenProvider.h */ = {isa = PBXFileReference; fileEncoding = 4; lastKnownFileType = sourcecode.c.h; name = PA2PrivateRemoteTokenProvider.h; path = Classes/token/PA2PrivateRemoteTokenProvider.h; sourceTree = "<group>"; };
		BF3017711FE037B60099B253 /* PA2PrivateTokenKeychainStore.h */ = {isa = PBXFileReference; fileEncoding = 4; lastKnownFileType = sourcecode.c.h; name = PA2PrivateTokenKeychainStore.h; path = Classes/token/PA2PrivateTokenKeychainStore.h; sourceTree = "<group>"; };
		BF462B702011009400529EFC /* PA2WCSessionPacket_Success.h */ = {isa = PBXFileReference; fileEncoding = 4; lastKnownFileType = sourcecode.c.h; name = PA2WCSessionPacket_Success.h; path = Classes/watch/model/PA2WCSessionPacket_Success.h; sourceTree = "<group>"; };
		BF462B712011009400529EFC /* PA2WCSessionPacket_Success.m */ = {isa = PBXFileReference; fileEncoding = 4; lastKnownFileType = sourcecode.c.objc; name = PA2WCSessionPacket_Success.m; path = Classes/watch/model/PA2WCSessionPacket_Success.m; sourceTree = "<group>"; };
		BF5491D41FFFB9220036DB9E /* PowerAuth2ForExtensions.framework */ = {isa = PBXFileReference; explicitFileType = wrapper.framework; includeInIndex = 0; path = PowerAuth2ForExtensions.framework; sourceTree = BUILT_PRODUCTS_DIR; };
		BF5491DD1FFFB9A90036DB9E /* Info.plist */ = {isa = PBXFileReference; fileEncoding = 4; lastKnownFileType = text.plist.xml; path = Info.plist; sourceTree = "<group>"; };
		BF5491FA1FFFBBF70036DB9E /* module.modulemap */ = {isa = PBXFileReference; fileEncoding = 4; lastKnownFileType = "sourcecode.module-map"; path = module.modulemap; sourceTree = "<group>"; };
		BF5491FC1FFFBFA90036DB9E /* PowerAuth2ForExtensions-umbrella.h */ = {isa = PBXFileReference; fileEncoding = 4; lastKnownFileType = sourcecode.c.h; path = "PowerAuth2ForExtensions-umbrella.h"; sourceTree = "<group>"; };
		BF54921A1FFFE15C0036DB9E /* Security.framework */ = {isa = PBXFileReference; lastKnownFileType = wrapper.framework; name = Security.framework; path = System/Library/Frameworks/Security.framework; sourceTree = SDKROOT; };
		BF5A23771FE0096100B78DE2 /* PA2PrivateCrypto.h */ = {isa = PBXFileReference; fileEncoding = 4; lastKnownFileType = sourcecode.c.h; name = PA2PrivateCrypto.h; path = Classes/core/PA2PrivateCrypto.h; sourceTree = "<group>"; };
		BF5A23781FE0096B00B78DE2 /* PA2PrivateCrypto_Ext.m */ = {isa = PBXFileReference; fileEncoding = 4; lastKnownFileType = sourcecode.c.objc; name = PA2PrivateCrypto_Ext.m; path = Classes/core/PA2PrivateCrypto_Ext.m; sourceTree = "<group>"; };
		BF5A237B1FE0098700B78DE2 /* PA2Macros.h */ = {isa = PBXFileReference; lastKnownFileType = sourcecode.c.h; name = PA2Macros.h; path = Classes/core/PA2Macros.h; sourceTree = "<group>"; };
		BF5A237C1FE0099100B78DE2 /* PA2PrivateMacros.h */ = {isa = PBXFileReference; fileEncoding = 4; lastKnownFileType = sourcecode.c.h; name = PA2PrivateMacros.h; path = Classes/core/PA2PrivateMacros.h; sourceTree = "<group>"; };
		BF5A237D1FE0099100B78DE2 /* PA2PrivateMacros.m */ = {isa = PBXFileReference; fileEncoding = 4; lastKnownFileType = sourcecode.c.objc; name = PA2PrivateMacros.m; path = Classes/core/PA2PrivateMacros.m; sourceTree = "<group>"; };
		BF5A23801FE009BC00B78DE2 /* PA2KeychainConfiguration.m */ = {isa = PBXFileReference; fileEncoding = 4; lastKnownFileType = sourcecode.c.objc; name = PA2KeychainConfiguration.m; path = Classes/keychain/PA2KeychainConfiguration.m; sourceTree = "<group>"; };
		BF5A23811FE009BC00B78DE2 /* PA2KeychainConfiguration.h */ = {isa = PBXFileReference; fileEncoding = 4; lastKnownFileType = sourcecode.c.h; name = PA2KeychainConfiguration.h; path = Classes/keychain/PA2KeychainConfiguration.h; sourceTree = "<group>"; };
		BF5A23851FE00A4A00B78DE2 /* PowerAuthAuthentication.h */ = {isa = PBXFileReference; fileEncoding = 4; lastKnownFileType = sourcecode.c.h; name = PowerAuthAuthentication.h; path = Classes/sdk/PowerAuthAuthentication.h; sourceTree = "<group>"; };
		BF5A23861FE00A4A00B78DE2 /* PowerAuthConfiguration.h */ = {isa = PBXFileReference; fileEncoding = 4; lastKnownFileType = sourcecode.c.h; name = PowerAuthConfiguration.h; path = Classes/sdk/PowerAuthConfiguration.h; sourceTree = "<group>"; };
		BF5A23871FE00A4A00B78DE2 /* PowerAuthToken.h */ = {isa = PBXFileReference; fileEncoding = 4; lastKnownFileType = sourcecode.c.h; name = PowerAuthToken.h; path = Classes/sdk/PowerAuthToken.h; sourceTree = "<group>"; };
		BF5A23881FE00A4A00B78DE2 /* PowerAuthConfiguration.m */ = {isa = PBXFileReference; fileEncoding = 4; lastKnownFileType = sourcecode.c.objc; name = PowerAuthConfiguration.m; path = Classes/sdk/PowerAuthConfiguration.m; sourceTree = "<group>"; };
		BF5A23891FE00A4A00B78DE2 /* PowerAuthAuthentication.m */ = {isa = PBXFileReference; fileEncoding = 4; lastKnownFileType = sourcecode.c.objc; name = PowerAuthAuthentication.m; path = Classes/sdk/PowerAuthAuthentication.m; sourceTree = "<group>"; };
		BF5A238A1FE00A4A00B78DE2 /* PowerAuthToken.m */ = {isa = PBXFileReference; fileEncoding = 4; lastKnownFileType = sourcecode.c.objc; name = PowerAuthToken.m; path = Classes/sdk/PowerAuthToken.m; sourceTree = "<group>"; };
		BF5A23931FE00A8800B78DE2 /* PA2PrivateTokenData.h */ = {isa = PBXFileReference; fileEncoding = 4; lastKnownFileType = sourcecode.c.h; name = PA2PrivateTokenData.h; path = Classes/token/PA2PrivateTokenData.h; sourceTree = "<group>"; };
		BF5A23951FE00A8800B78DE2 /* PA2PrivateTokenData.m */ = {isa = PBXFileReference; fileEncoding = 4; lastKnownFileType = sourcecode.c.objc; name = PA2PrivateTokenData.m; path = Classes/token/PA2PrivateTokenData.m; sourceTree = "<group>"; };
		BF5A23961FE00A8800B78DE2 /* PA2PrivateTokenInterfaces.h */ = {isa = PBXFileReference; fileEncoding = 4; lastKnownFileType = sourcecode.c.h; name = PA2PrivateTokenInterfaces.h; path = Classes/token/PA2PrivateTokenInterfaces.h; sourceTree = "<group>"; };
		BF5A239D1FE00AFC00B78DE2 /* PA2AuthorizationHttpHeader.m */ = {isa = PBXFileReference; fileEncoding = 4; lastKnownFileType = sourcecode.c.objc; name = PA2AuthorizationHttpHeader.m; path = Classes/networking/base/PA2AuthorizationHttpHeader.m; sourceTree = "<group>"; };
		BF5A239E1FE00AFC00B78DE2 /* PA2AuthorizationHttpHeader.h */ = {isa = PBXFileReference; fileEncoding = 4; lastKnownFileType = sourcecode.c.h; name = PA2AuthorizationHttpHeader.h; path = Classes/networking/base/PA2AuthorizationHttpHeader.h; sourceTree = "<group>"; };
		BF7D50611FDFFBAB00200119 /* SharedFiles_IOS.csv */ = {isa = PBXFileReference; lastKnownFileType = text; name = SharedFiles_IOS.csv; path = Extensions/SharedFiles_IOS.csv; sourceTree = "<group>"; };
		BF7D50621FDFFBC700200119 /* README.md */ = {isa = PBXFileReference; lastKnownFileType = net.daringfireball.markdown; name = README.md; path = Extensions/README.md; sourceTree = "<group>"; };
		BF7D50631FDFFC7B00200119 /* SharedFiles_WatchOS.csv */ = {isa = PBXFileReference; lastKnownFileType = text; name = SharedFiles_WatchOS.csv; path = Extensions/SharedFiles_WatchOS.csv; sourceTree = "<group>"; };
		BF7D50661FE0002600200119 /* PA2Keychain.m */ = {isa = PBXFileReference; fileEncoding = 4; lastKnownFileType = sourcecode.c.objc; name = PA2Keychain.m; path = Classes/keychain/PA2Keychain.m; sourceTree = "<group>"; };
		BF7D50671FE0002600200119 /* PA2Keychain.h */ = {isa = PBXFileReference; fileEncoding = 4; lastKnownFileType = sourcecode.c.h; name = PA2Keychain.h; path = Classes/keychain/PA2Keychain.h; sourceTree = "<group>"; };
		BF8C30362004E20000EAF830 /* PA2ExtensionLibrary.h */ = {isa = PBXFileReference; lastKnownFileType = sourcecode.c.h; path = PA2ExtensionLibrary.h; sourceTree = "<group>"; };
		BF8C30372004E20000EAF830 /* PA2ExtensionLibrary.m */ = {isa = PBXFileReference; lastKnownFileType = sourcecode.c.objc; path = PA2ExtensionLibrary.m; sourceTree = "<group>"; };
		BF8E4EFD2010DC7800010B74 /* PA2WatchRemoteTokenProvider.h */ = {isa = PBXFileReference; lastKnownFileType = sourcecode.c.h; path = PA2WatchRemoteTokenProvider.h; sourceTree = "<group>"; };
		BF8E4EFE2010DC7800010B74 /* PA2WatchRemoteTokenProvider.m */ = {isa = PBXFileReference; lastKnownFileType = sourcecode.c.objc; path = PA2WatchRemoteTokenProvider.m; sourceTree = "<group>"; };
		BFA0E25E200CF0F00011F0A6 /* Info.plist */ = {isa = PBXFileReference; fileEncoding = 4; lastKnownFileType = text.plist.xml; path = Info.plist; sourceTree = "<group>"; };
		BFA0E25F200CF0F00011F0A6 /* module.modulemap */ = {isa = PBXFileReference; fileEncoding = 4; lastKnownFileType = "sourcecode.module-map"; path = module.modulemap; sourceTree = "<group>"; };
		BFA0E261200CF1A10011F0A6 /* PowerAuth2ForWatch-umbrella.h */ = {isa = PBXFileReference; lastKnownFileType = sourcecode.c.h; path = "PowerAuth2ForWatch-umbrella.h"; sourceTree = "<group>"; };
		BFA0E269200CF28A0011F0A6 /* PowerAuth2ForWatch.framework */ = {isa = PBXFileReference; explicitFileType = wrapper.framework; includeInIndex = 0; path = PowerAuth2ForWatch.framework; sourceTree = BUILT_PRODUCTS_DIR; };
		BFA0E271200CF2F70011F0A6 /* Security.framework */ = {isa = PBXFileReference; lastKnownFileType = wrapper.framework; name = Security.framework; path = Platforms/WatchOS.platform/Developer/SDKs/WatchOS4.2.sdk/System/Library/Frameworks/Security.framework; sourceTree = DEVELOPER_DIR; };
		BFA0E2A5200D12990011F0A6 /* PA2WCSessionManager.m */ = {isa = PBXFileReference; fileEncoding = 4; lastKnownFileType = sourcecode.c.objc; name = PA2WCSessionManager.m; path = Classes/watch/PA2WCSessionManager.m; sourceTree = "<group>"; };
		BFA0E2A6200D12990011F0A6 /* PA2WCSessionManager.h */ = {isa = PBXFileReference; fileEncoding = 4; lastKnownFileType = sourcecode.c.h; name = PA2WCSessionManager.h; path = Classes/watch/PA2WCSessionManager.h; sourceTree = "<group>"; };
		BFA0E2AB200D2B530011F0A6 /* PA2WCSessionManager+Private.h */ = {isa = PBXFileReference; fileEncoding = 4; lastKnownFileType = sourcecode.c.h; name = "PA2WCSessionManager+Private.h"; path = "Classes/watch/PA2WCSessionManager+Private.h"; sourceTree = "<group>"; };
		BFA0E2BC200E65B60011F0A6 /* PA2WCSessionDataHandler.h */ = {isa = PBXFileReference; fileEncoding = 4; lastKnownFileType = sourcecode.c.h; name = PA2WCSessionDataHandler.h; path = Classes/watch/PA2WCSessionDataHandler.h; sourceTree = "<group>"; };
		BFA0E2BE200E65D60011F0A6 /* PA2WCSessionPacket_TokenData.h */ = {isa = PBXFileReference; fileEncoding = 4; lastKnownFileType = sourcecode.c.h; name = PA2WCSessionPacket_TokenData.h; path = Classes/watch/model/PA2WCSessionPacket_TokenData.h; sourceTree = "<group>"; };
		BFA0E2BF200E65D60011F0A6 /* PA2WCSessionPacket_Constants.m */ = {isa = PBXFileReference; fileEncoding = 4; lastKnownFileType = sourcecode.c.objc; name = PA2WCSessionPacket_Constants.m; path = Classes/watch/model/PA2WCSessionPacket_Constants.m; sourceTree = "<group>"; };
		BFA0E2C0200E65D60011F0A6 /* PA2WCSessionPacket_TokenData.m */ = {isa = PBXFileReference; fileEncoding = 4; lastKnownFileType = sourcecode.c.objc; name = PA2WCSessionPacket_TokenData.m; path = Classes/watch/model/PA2WCSessionPacket_TokenData.m; sourceTree = "<group>"; };
		BFA0E2C1200E65D60011F0A6 /* PA2WCSessionPacket.m */ = {isa = PBXFileReference; fileEncoding = 4; lastKnownFileType = sourcecode.c.objc; name = PA2WCSessionPacket.m; path = Classes/watch/model/PA2WCSessionPacket.m; sourceTree = "<group>"; };
		BFA0E2C2200E65D60011F0A6 /* PA2WCSessionPacket_ActivationStatus.h */ = {isa = PBXFileReference; fileEncoding = 4; lastKnownFileType = sourcecode.c.h; name = PA2WCSessionPacket_ActivationStatus.h; path = Classes/watch/model/PA2WCSessionPacket_ActivationStatus.h; sourceTree = "<group>"; };
		BFA0E2C3200E65D60011F0A6 /* PA2WCSessionPacket_Constants.h */ = {isa = PBXFileReference; fileEncoding = 4; lastKnownFileType = sourcecode.c.h; name = PA2WCSessionPacket_Constants.h; path = Classes/watch/model/PA2WCSessionPacket_Constants.h; sourceTree = "<group>"; };
		BFA0E2C4200E65D60011F0A6 /* PA2WCSessionPacket_ActivationStatus.m */ = {isa = PBXFileReference; fileEncoding = 4; lastKnownFileType = sourcecode.c.objc; name = PA2WCSessionPacket_ActivationStatus.m; path = Classes/watch/model/PA2WCSessionPacket_ActivationStatus.m; sourceTree = "<group>"; };
		BFA0E2C5200E65D60011F0A6 /* PA2WCSessionPacket.h */ = {isa = PBXFileReference; fileEncoding = 4; lastKnownFileType = sourcecode.c.h; name = PA2WCSessionPacket.h; path = Classes/watch/model/PA2WCSessionPacket.h; sourceTree = "<group>"; };
		BFA0E2CF200FA1D30011F0A6 /* PA2WatchSynchronizationService.h */ = {isa = PBXFileReference; lastKnownFileType = sourcecode.c.h; path = PA2WatchSynchronizationService.h; sourceTree = "<group>"; };
		BFA0E2D0200FA1D30011F0A6 /* PA2WatchSynchronizationService.m */ = {isa = PBXFileReference; lastKnownFileType = sourcecode.c.objc; path = PA2WatchSynchronizationService.m; sourceTree = "<group>"; };
		BFA0E2D7200FB5600011F0A6 /* PA2WeakArray.h */ = {isa = PBXFileReference; fileEncoding = 4; lastKnownFileType = sourcecode.c.h; name = PA2WeakArray.h; path = Classes/core/PA2WeakArray.h; sourceTree = "<group>"; };
		BFA0E2D8200FB5600011F0A6 /* PA2WeakArray.m */ = {isa = PBXFileReference; fileEncoding = 4; lastKnownFileType = sourcecode.c.objc; name = PA2WeakArray.m; path = Classes/core/PA2WeakArray.m; sourceTree = "<group>"; };
		BFA0E2DD200FCF710011F0A6 /* PA2WCSessionManager_WatchServices.m */ = {isa = PBXFileReference; lastKnownFileType = sourcecode.c.objc; path = PA2WCSessionManager_WatchServices.m; sourceTree = "<group>"; };
/* End PBXFileReference section */

/* Begin PBXFrameworksBuildPhase section */
		BF5491D01FFFB9220036DB9E /* Frameworks */ = {
			isa = PBXFrameworksBuildPhase;
			buildActionMask = 2147483647;
			files = (
				BF54921B1FFFE15C0036DB9E /* Security.framework in Frameworks */,
			);
			runOnlyForDeploymentPostprocessing = 0;
		};
		BFA0E265200CF28A0011F0A6 /* Frameworks */ = {
			isa = PBXFrameworksBuildPhase;
			buildActionMask = 2147483647;
			files = (
				BFA0E272200CF2F70011F0A6 /* Security.framework in Frameworks */,
			);
			runOnlyForDeploymentPostprocessing = 0;
		};
/* End PBXFrameworksBuildPhase section */

/* Begin PBXGroup section */
		BF0EBED81FE166B700E97918 /* Common */ = {
			isa = PBXGroup;
			children = (
				BF0EBED91FE166B700E97918 /* Private */,
				BF8C30362004E20000EAF830 /* PA2ExtensionLibrary.h */,
				BF8C30372004E20000EAF830 /* PA2ExtensionLibrary.m */,
			);
			name = Common;
			path = Extensions/Common;
			sourceTree = "<group>";
		};
		BF0EBED91FE166B700E97918 /* Private */ = {
			isa = PBXGroup;
			children = (
				BF0EBEDA1FE166B700E97918 /* PA2SessionStatusDataReader.h */,
				BF0EBEDB1FE166B700E97918 /* PA2SessionStatusDataReader.m */,
			);
			path = Private;
			sourceTree = "<group>";
		};
		BF5491DC1FFFB9A90036DB9E /* Supporting Files */ = {
			isa = PBXGroup;
			children = (
				BF5491FA1FFFBBF70036DB9E /* module.modulemap */,
				BF5491DD1FFFB9A90036DB9E /* Info.plist */,
			);
			path = "Supporting Files";
			sourceTree = "<group>";
		};
		BF5492191FFFE15C0036DB9E /* Frameworks */ = {
			isa = PBXGroup;
			children = (
				BFA0E271200CF2F70011F0A6 /* Security.framework */,
				BF54921A1FFFE15C0036DB9E /* Security.framework */,
			);
			name = Frameworks;
			sourceTree = "<group>";
		};
		BF5A23711FE0055800B78DE2 /* core */ = {
			isa = PBXGroup;
			children = (
				BF5A237B1FE0098700B78DE2 /* PA2Macros.h */,
				BF30175F1FE020F00099B253 /* PA2ErrorConstants.h */,
				BF30175E1FE020F00099B253 /* PA2ErrorConstants.m */,
				BF30176E1FE028660099B253 /* PA2SessionStatusProvider.h */,
				BF5A237C1FE0099100B78DE2 /* PA2PrivateMacros.h */,
				BF5A237D1FE0099100B78DE2 /* PA2PrivateMacros.m */,
				BF5A23771FE0096100B78DE2 /* PA2PrivateCrypto.h */,
				BF5A23781FE0096B00B78DE2 /* PA2PrivateCrypto_Ext.m */,
				BFA0E2D7200FB5600011F0A6 /* PA2WeakArray.h */,
				BFA0E2D8200FB5600011F0A6 /* PA2WeakArray.m */,
			);
			name = core;
			sourceTree = "<group>";
		};
		BF5A23841FE00A0400B78DE2 /* keychain */ = {
			isa = PBXGroup;
			children = (
				BF5A23811FE009BC00B78DE2 /* PA2KeychainConfiguration.h */,
				BF5A23801FE009BC00B78DE2 /* PA2KeychainConfiguration.m */,
				BF7D50671FE0002600200119 /* PA2Keychain.h */,
				BF7D50661FE0002600200119 /* PA2Keychain.m */,
			);
			name = keychain;
			sourceTree = "<group>";
		};
		BF5A23921FE00A5B00B78DE2 /* sdk */ = {
			isa = PBXGroup;
			children = (
				BF5A23851FE00A4A00B78DE2 /* PowerAuthAuthentication.h */,
				BF5A23891FE00A4A00B78DE2 /* PowerAuthAuthentication.m */,
				BF5A23861FE00A4A00B78DE2 /* PowerAuthConfiguration.h */,
				BF5A23881FE00A4A00B78DE2 /* PowerAuthConfiguration.m */,
				BF5A23871FE00A4A00B78DE2 /* PowerAuthToken.h */,
				BF5A238A1FE00A4A00B78DE2 /* PowerAuthToken.m */,
			);
			name = sdk;
			sourceTree = "<group>";
		};
		BF5A239B1FE00A8D00B78DE2 /* token */ = {
			isa = PBXGroup;
			children = (
				BF5A23931FE00A8800B78DE2 /* PA2PrivateTokenData.h */,
				BF5A23951FE00A8800B78DE2 /* PA2PrivateTokenData.m */,
				BF5A23961FE00A8800B78DE2 /* PA2PrivateTokenInterfaces.h */,
				BF3017701FE037B60099B253 /* PA2PrivateRemoteTokenProvider.h */,
				BF3017711FE037B60099B253 /* PA2PrivateTokenKeychainStore.h */,
				BF30176F1FE037B60099B253 /* PA2PrivateTokenKeychainStore.m */,
			);
			name = token;
			sourceTree = "<group>";
		};
		BF5A239C1FE00ADD00B78DE2 /* networking */ = {
			isa = PBXGroup;
			children = (
				BF5A239E1FE00AFC00B78DE2 /* PA2AuthorizationHttpHeader.h */,
				BF5A239D1FE00AFC00B78DE2 /* PA2AuthorizationHttpHeader.m */,
			);
			name = networking;
			sourceTree = "<group>";
		};
		BF7D502D1FDF03EB00200119 = {
			isa = PBXGroup;
			children = (
				BF7D50601FDFFB5A00200119 /* PowerAuthShared */,
				BF0EBED81FE166B700E97918 /* Common */,
				BF7D505D1FDFFB3000200119 /* IOS */,
				BF7D505E1FDFFB3000200119 /* WatchOS */,
				BF7D50371FDF03EB00200119 /* Products */,
				BF5492191FFFE15C0036DB9E /* Frameworks */,
			);
			sourceTree = "<group>";
		};
		BF7D50371FDF03EB00200119 /* Products */ = {
			isa = PBXGroup;
			children = (
				BF5491D41FFFB9220036DB9E /* PowerAuth2ForExtensions.framework */,
				BFA0E269200CF28A0011F0A6 /* PowerAuth2ForWatch.framework */,
			);
			name = Products;
			sourceTree = "<group>";
		};
		BF7D505D1FDFFB3000200119 /* IOS */ = {
			isa = PBXGroup;
			children = (
				BF5491DC1FFFB9A90036DB9E /* Supporting Files */,
				BF3017621FE024560099B253 /* PowerAuthExtensionSDK.h */,
				BF3017631FE024560099B253 /* PowerAuthExtensionSDK.m */,
				BF5491FC1FFFBFA90036DB9E /* PowerAuth2ForExtensions-umbrella.h */,
			);
			name = IOS;
			path = Extensions/IOS;
			sourceTree = "<group>";
		};
		BF7D505E1FDFFB3000200119 /* WatchOS */ = {
			isa = PBXGroup;
			children = (
				BFA0E25D200CF0F00011F0A6 /* Supporting Files */,
				BFA0E2D3200FA2E80011F0A6 /* private */,
				BF3017651FE0247A0099B253 /* PowerAuthWatchSDK.h */,
				BF3017661FE0247A0099B253 /* PowerAuthWatchSDK.m */,
				BFA0E261200CF1A10011F0A6 /* PowerAuth2ForWatch-umbrella.h */,
			);
			name = WatchOS;
			path = Extensions/WatchOS;
			sourceTree = "<group>";
		};
		BF7D50601FDFFB5A00200119 /* PowerAuthShared */ = {
			isa = PBXGroup;
			children = (
				BF7D50621FDFFBC700200119 /* README.md */,
				BF7D50611FDFFBAB00200119 /* SharedFiles_IOS.csv */,
				BF7D50631FDFFC7B00200119 /* SharedFiles_WatchOS.csv */,
				BF5A23711FE0055800B78DE2 /* core */,
				BF5A23841FE00A0400B78DE2 /* keychain */,
				BF5A23921FE00A5B00B78DE2 /* sdk */,
				BF5A239B1FE00A8D00B78DE2 /* token */,
				BF5A239C1FE00ADD00B78DE2 /* networking */,
				BFA0E2A4200D128A0011F0A6 /* watch */,
			);
			name = PowerAuthShared;
			sourceTree = "<group>";
		};
		BFA0E25D200CF0F00011F0A6 /* Supporting Files */ = {
			isa = PBXGroup;
			children = (
				BFA0E25E200CF0F00011F0A6 /* Info.plist */,
				BFA0E25F200CF0F00011F0A6 /* module.modulemap */,
			);
			path = "Supporting Files";
			sourceTree = "<group>";
		};
		BFA0E2A4200D128A0011F0A6 /* watch */ = {
			isa = PBXGroup;
			children = (
				BFA0E2BB200E65A90011F0A6 /* model */,
				BFA0E2A6200D12990011F0A6 /* PA2WCSessionManager.h */,
				BFA0E2A5200D12990011F0A6 /* PA2WCSessionManager.m */,
				BFA0E2AB200D2B530011F0A6 /* PA2WCSessionManager+Private.h */,
				BFA0E2BC200E65B60011F0A6 /* PA2WCSessionDataHandler.h */,
			);
			name = watch;
			sourceTree = "<group>";
		};
		BFA0E2BB200E65A90011F0A6 /* model */ = {
			isa = PBXGroup;
			children = (
				BFA0E2C5200E65D60011F0A6 /* PA2WCSessionPacket.h */,
				BFA0E2C1200E65D60011F0A6 /* PA2WCSessionPacket.m */,
				BFA0E2C3200E65D60011F0A6 /* PA2WCSessionPacket_Constants.h */,
				BFA0E2BF200E65D60011F0A6 /* PA2WCSessionPacket_Constants.m */,
				BF462B702011009400529EFC /* PA2WCSessionPacket_Success.h */,
				BF462B712011009400529EFC /* PA2WCSessionPacket_Success.m */,
				BFA0E2C2200E65D60011F0A6 /* PA2WCSessionPacket_ActivationStatus.h */,
				BFA0E2C4200E65D60011F0A6 /* PA2WCSessionPacket_ActivationStatus.m */,
				BFA0E2BE200E65D60011F0A6 /* PA2WCSessionPacket_TokenData.h */,
				BFA0E2C0200E65D60011F0A6 /* PA2WCSessionPacket_TokenData.m */,
			);
			name = model;
			sourceTree = "<group>";
		};
		BFA0E2D3200FA2E80011F0A6 /* private */ = {
			isa = PBXGroup;
			children = (
				BFA0E2CF200FA1D30011F0A6 /* PA2WatchSynchronizationService.h */,
				BFA0E2D0200FA1D30011F0A6 /* PA2WatchSynchronizationService.m */,
				BFA0E2DD200FCF710011F0A6 /* PA2WCSessionManager_WatchServices.m */,
				BF8E4EFD2010DC7800010B74 /* PA2WatchRemoteTokenProvider.h */,
				BF8E4EFE2010DC7800010B74 /* PA2WatchRemoteTokenProvider.m */,
			);
			path = private;
			sourceTree = "<group>";
		};
/* End PBXGroup section */

/* Begin PBXHeadersBuildPhase section */
		BF5491D11FFFB9220036DB9E /* Headers */ = {
			isa = PBXHeadersBuildPhase;
			buildActionMask = 2147483647;
			files = (
				BF5492041FFFC6C00036DB9E /* PA2Macros.h in Headers */,
				BF5492051FFFC6CF0036DB9E /* PA2ErrorConstants.h in Headers */,
				BF5492061FFFC6D40036DB9E /* PA2SessionStatusProvider.h in Headers */,
				BF5492091FFFC6E50036DB9E /* PA2KeychainConfiguration.h in Headers */,
				BF54920A1FFFC6EB0036DB9E /* PA2Keychain.h in Headers */,
				BF54920B1FFFC6F00036DB9E /* PowerAuthAuthentication.h in Headers */,
				BF5492161FFFC7C60036DB9E /* PA2SessionStatusDataReader.h in Headers */,
				BF54920C1FFFC6F90036DB9E /* PowerAuthConfiguration.h in Headers */,
				BF54920D1FFFC6FE0036DB9E /* PowerAuthToken.h in Headers */,
				BF5492121FFFC7170036DB9E /* PA2AuthorizationHttpHeader.h in Headers */,
				BF5492131FFFC7210036DB9E /* PowerAuthExtensionSDK.h in Headers */,
				BF5492141FFFC7860036DB9E /* PowerAuth2ForExtensions-umbrella.h in Headers */,
				BF5492071FFFC6DB0036DB9E /* PA2PrivateMacros.h in Headers */,
				BF5492081FFFC6DF0036DB9E /* PA2PrivateCrypto.h in Headers */,
				BF54920E1FFFC7030036DB9E /* PA2PrivateTokenData.h in Headers */,
				BF54920F1FFFC7070036DB9E /* PA2PrivateTokenInterfaces.h in Headers */,
				BF8C30382004E20000EAF830 /* PA2ExtensionLibrary.h in Headers */,
				BF5492101FFFC70D0036DB9E /* PA2PrivateRemoteTokenProvider.h in Headers */,
				BF5492111FFFC7130036DB9E /* PA2PrivateTokenKeychainStore.h in Headers */,
			);
			runOnlyForDeploymentPostprocessing = 0;
		};
		BFA0E266200CF28A0011F0A6 /* Headers */ = {
			isa = PBXHeadersBuildPhase;
			buildActionMask = 2147483647;
			files = (
				BFA0E2D1200FA1D30011F0A6 /* PA2WatchSynchronizationService.h in Headers */,
				BF462B722011009400529EFC /* PA2WCSessionPacket_Success.h in Headers */,
				BFA0E273200CF37B0011F0A6 /* PowerAuthWatchSDK.h in Headers */,
				BFA0E2CD200E65D70011F0A6 /* PA2WCSessionPacket.h in Headers */,
				BFA0E286200CF46B0011F0A6 /* PowerAuthConfiguration.h in Headers */,
				BFA0E280200CF44B0011F0A6 /* PA2KeychainConfiguration.h in Headers */,
				BFA0E2D9200FB5600011F0A6 /* PA2WeakArray.h in Headers */,
				BFA0E2C6200E65D70011F0A6 /* PA2WCSessionPacket_TokenData.h in Headers */,
				BFA0E290200CF4A50011F0A6 /* PA2AuthorizationHttpHeader.h in Headers */,
				BFA0E28C200CF4930011F0A6 /* PA2PrivateTokenInterfaces.h in Headers */,
				BFA0E284200CF45C0011F0A6 /* PowerAuthAuthentication.h in Headers */,
				BFA0E278200CF4050011F0A6 /* PA2Macros.h in Headers */,
				BFA0E274200CF37F0011F0A6 /* PowerAuth2ForWatch-umbrella.h in Headers */,
				BFA0E27C200CF4310011F0A6 /* PA2PrivateMacros.h in Headers */,
				BF8E4EFF2010DC7800010B74 /* PA2WatchRemoteTokenProvider.h in Headers */,
				BFA0E2AC200D2B530011F0A6 /* PA2WCSessionManager+Private.h in Headers */,
				BFA0E2BD200E65B60011F0A6 /* PA2WCSessionDataHandler.h in Headers */,
				BFA0E275200CF3D20011F0A6 /* PA2ExtensionLibrary.h in Headers */,
				BFA0E28A200CF48B0011F0A6 /* PA2PrivateTokenData.h in Headers */,
				BFA0E2CA200E65D70011F0A6 /* PA2WCSessionPacket_ActivationStatus.h in Headers */,
				BFA0E2A8200D12990011F0A6 /* PA2WCSessionManager.h in Headers */,
				BFA0E28E200CF49B0011F0A6 /* PA2PrivateTokenKeychainStore.h in Headers */,
				BFA0E2CB200E65D70011F0A6 /* PA2WCSessionPacket_Constants.h in Headers */,
				BFA0E27B200CF4290011F0A6 /* PA2SessionStatusProvider.h in Headers */,
				BFA0E28D200CF4970011F0A6 /* PA2PrivateRemoteTokenProvider.h in Headers */,
				BFA0E279200CF4090011F0A6 /* PA2ErrorConstants.h in Headers */,
				BFA0E288200CF4730011F0A6 /* PowerAuthToken.h in Headers */,
				BFA0E282200CF4520011F0A6 /* PA2Keychain.h in Headers */,
				BFA0E27E200CF4420011F0A6 /* PA2PrivateCrypto.h in Headers */,
			);
			runOnlyForDeploymentPostprocessing = 0;
		};
/* End PBXHeadersBuildPhase section */

/* Begin PBXNativeTarget section */
		BF5491D31FFFB9220036DB9E /* PowerAuth2ForExtensions */ = {
			isa = PBXNativeTarget;
			buildConfigurationList = BF5491DB1FFFB9220036DB9E /* Build configuration list for PBXNativeTarget "PowerAuth2ForExtensions" */;
			buildPhases = (
				BF5491CF1FFFB9220036DB9E /* Sources */,
				BF5491D01FFFB9220036DB9E /* Frameworks */,
				BF5491D11FFFB9220036DB9E /* Headers */,
				BF5491D21FFFB9220036DB9E /* Resources */,
			);
			buildRules = (
			);
			dependencies = (
			);
			name = PowerAuth2ForExtensions;
			productName = PowerAuth2ForExtensions;
			productReference = BF5491D41FFFB9220036DB9E /* PowerAuth2ForExtensions.framework */;
			productType = "com.apple.product-type.framework";
		};
		BFA0E268200CF28A0011F0A6 /* PowerAuth2ForWatch */ = {
			isa = PBXNativeTarget;
			buildConfigurationList = BFA0E26E200CF28A0011F0A6 /* Build configuration list for PBXNativeTarget "PowerAuth2ForWatch" */;
			buildPhases = (
				BFA0E264200CF28A0011F0A6 /* Sources */,
				BFA0E265200CF28A0011F0A6 /* Frameworks */,
				BFA0E266200CF28A0011F0A6 /* Headers */,
				BFA0E267200CF28A0011F0A6 /* Resources */,
			);
			buildRules = (
			);
			dependencies = (
			);
			name = PowerAuth2ForWatch;
			productName = PowerAuth2ForWatch;
			productReference = BFA0E269200CF28A0011F0A6 /* PowerAuth2ForWatch.framework */;
			productType = "com.apple.product-type.framework";
		};
/* End PBXNativeTarget section */

/* Begin PBXProject section */
		BF7D502E1FDF03EB00200119 /* Project object */ = {
			isa = PBXProject;
			attributes = {
				LastUpgradeCheck = 0920;
				ORGANIZATIONNAME = "Juraj Durech";
				TargetAttributes = {
					BF5491D31FFFB9220036DB9E = {
						CreatedOnToolsVersion = 9.2;
						ProvisioningStyle = Automatic;
					};
					BFA0E268200CF28A0011F0A6 = {
						CreatedOnToolsVersion = 9.2;
						ProvisioningStyle = Automatic;
					};
				};
			};
			buildConfigurationList = BF7D50311FDF03EB00200119 /* Build configuration list for PBXProject "PowerAuthExtensionSdk" */;
			compatibilityVersion = "Xcode 8.0";
			developmentRegion = en;
			hasScannedForEncodings = 0;
			knownRegions = (
				en,
			);
			mainGroup = BF7D502D1FDF03EB00200119;
			productRefGroup = BF7D50371FDF03EB00200119 /* Products */;
			projectDirPath = "";
			projectRoot = "";
			targets = (
				BF5491D31FFFB9220036DB9E /* PowerAuth2ForExtensions */,
				BFA0E268200CF28A0011F0A6 /* PowerAuth2ForWatch */,
			);
		};
/* End PBXProject section */

/* Begin PBXResourcesBuildPhase section */
		BF5491D21FFFB9220036DB9E /* Resources */ = {
			isa = PBXResourcesBuildPhase;
			buildActionMask = 2147483647;
			files = (
			);
			runOnlyForDeploymentPostprocessing = 0;
		};
		BFA0E267200CF28A0011F0A6 /* Resources */ = {
			isa = PBXResourcesBuildPhase;
			buildActionMask = 2147483647;
			files = (
			);
			runOnlyForDeploymentPostprocessing = 0;
		};
/* End PBXResourcesBuildPhase section */

/* Begin PBXSourcesBuildPhase section */
		BF5491CF1FFFB9220036DB9E /* Sources */ = {
			isa = PBXSourcesBuildPhase;
			buildActionMask = 2147483647;
			files = (
				BF5491E91FFFBAC60036DB9E /* PA2PrivateTokenData.m in Sources */,
				BF5491FF1FFFC1770036DB9E /* PowerAuthExtensionSDK.m in Sources */,
				BF5491E41FFFBAB70036DB9E /* PA2KeychainConfiguration.m in Sources */,
				BF5491E21FFFBAAF0036DB9E /* PA2PrivateMacros.m in Sources */,
				BF5491E11FFFBAAC0036DB9E /* PA2ErrorConstants.m in Sources */,
				BF5491E81FFFBAC20036DB9E /* PowerAuthToken.m in Sources */,
				BF8C303B2004E20000EAF830 /* PA2ExtensionLibrary.m in Sources */,
				BF5491EB1FFFBACE0036DB9E /* PA2AuthorizationHttpHeader.m in Sources */,
				BF5491EA1FFFBACB0036DB9E /* PA2PrivateTokenKeychainStore.m in Sources */,
				BF5491FE1FFFC1730036DB9E /* PA2SessionStatusDataReader.m in Sources */,
				BF5491E51FFFBABA0036DB9E /* PA2Keychain.m in Sources */,
				BF5491E31FFFBAB20036DB9E /* PA2PrivateCrypto_Ext.m in Sources */,
				BF5491E71FFFBABF0036DB9E /* PowerAuthConfiguration.m in Sources */,
				BF5491E61FFFBABD0036DB9E /* PowerAuthAuthentication.m in Sources */,
			);
			runOnlyForDeploymentPostprocessing = 0;
		};
		BFA0E264200CF28A0011F0A6 /* Sources */ = {
			isa = PBXSourcesBuildPhase;
			buildActionMask = 2147483647;
			files = (
				BFA0E2A7200D12990011F0A6 /* PA2WCSessionManager.m in Sources */,
				BFA0E28F200CF4A00011F0A6 /* PA2PrivateTokenKeychainStore.m in Sources */,
				BFA0E2CE200FA0AA0011F0A6 /* PowerAuthWatchSDK.m in Sources */,
				BFA0E27F200CF4470011F0A6 /* PA2PrivateCrypto_Ext.m in Sources */,
				BFA0E289200CF4790011F0A6 /* PowerAuthToken.m in Sources */,
				BFA0E283200CF4580011F0A6 /* PA2Keychain.m in Sources */,
				BFA0E291200CF4AB0011F0A6 /* PA2AuthorizationHttpHeader.m in Sources */,
				BFA0E287200CF4710011F0A6 /* PowerAuthConfiguration.m in Sources */,
				BF462B732011009400529EFC /* PA2WCSessionPacket_Success.m in Sources */,
				BFA0E2CC200E65D70011F0A6 /* PA2WCSessionPacket_ActivationStatus.m in Sources */,
				BFA0E281200CF44F0011F0A6 /* PA2KeychainConfiguration.m in Sources */,
				BFA0E2C9200E65D70011F0A6 /* PA2WCSessionPacket.m in Sources */,
				BFA0E27A200CF40E0011F0A6 /* PA2ErrorConstants.m in Sources */,
				BF8E4F002010DC7800010B74 /* PA2WatchRemoteTokenProvider.m in Sources */,
				BFA0E276200CF3D60011F0A6 /* PA2ExtensionLibrary.m in Sources */,
				BFA0E28B200CF4900011F0A6 /* PA2PrivateTokenData.m in Sources */,
				BFA0E27D200CF43E0011F0A6 /* PA2PrivateMacros.m in Sources */,
				BFA0E2DA200FB5600011F0A6 /* PA2WeakArray.m in Sources */,
				BFA0E2D2200FA1D30011F0A6 /* PA2WatchSynchronizationService.m in Sources */,
				BFA0E2DE200FCF710011F0A6 /* PA2WCSessionManager_WatchServices.m in Sources */,
				BFA0E2C7200E65D70011F0A6 /* PA2WCSessionPacket_Constants.m in Sources */,
				BFA0E285200CF4670011F0A6 /* PowerAuthAuthentication.m in Sources */,
				BFA0E2C8200E65D70011F0A6 /* PA2WCSessionPacket_TokenData.m in Sources */,
			);
			runOnlyForDeploymentPostprocessing = 0;
		};
/* End PBXSourcesBuildPhase section */

/* Begin XCBuildConfiguration section */
		BF5491D91FFFB9220036DB9E /* Debug */ = {
			isa = XCBuildConfiguration;
			buildSettings = {
				APPLICATION_EXTENSION_API_ONLY = YES;
				CODE_SIGN_IDENTITY = "";
				CODE_SIGN_STYLE = Automatic;
				CURRENT_PROJECT_VERSION = 1;
				DEFINES_MODULE = YES;
				DEVELOPMENT_TEAM = KTT9G859MR;
				DYLIB_COMPATIBILITY_VERSION = 1;
				DYLIB_CURRENT_VERSION = 1;
				DYLIB_INSTALL_NAME_BASE = "@rpath";
				INFOPLIST_FILE = "Extensions/IOS/Supporting Files/Info.plist";
				INSTALL_PATH = "$(LOCAL_LIBRARY_DIR)/Frameworks";
				IPHONEOS_DEPLOYMENT_TARGET = 8.0;
				LD_RUNPATH_SEARCH_PATHS = "$(inherited) @executable_path/Frameworks @loader_path/Frameworks";
				MACH_O_TYPE = staticlib;
				MODULEMAP_FILE = "Extensions/IOS/Supporting Files/module.modulemap";
				PRODUCT_BUNDLE_IDENTIFIER = io.getlime.lib.PowerAuth2ForExtensions;
				PRODUCT_NAME = "$(TARGET_NAME:c99extidentifier)";
				SKIP_INSTALL = YES;
				SWIFT_ACTIVE_COMPILATION_CONDITIONS = DEBUG;
				SWIFT_VERSION = 4.0;
				TARGETED_DEVICE_FAMILY = "1,2";
				VERSIONING_SYSTEM = "apple-generic";
				VERSION_INFO_PREFIX = "";
			};
			name = Debug;
		};
		BF5491DA1FFFB9220036DB9E /* Release */ = {
			isa = XCBuildConfiguration;
			buildSettings = {
				APPLICATION_EXTENSION_API_ONLY = YES;
				CODE_SIGN_IDENTITY = "";
				CODE_SIGN_STYLE = Automatic;
				CURRENT_PROJECT_VERSION = 1;
				DEFINES_MODULE = YES;
				DEVELOPMENT_TEAM = KTT9G859MR;
				DYLIB_COMPATIBILITY_VERSION = 1;
				DYLIB_CURRENT_VERSION = 1;
				DYLIB_INSTALL_NAME_BASE = "@rpath";
				INFOPLIST_FILE = "Extensions/IOS/Supporting Files/Info.plist";
				INSTALL_PATH = "$(LOCAL_LIBRARY_DIR)/Frameworks";
				IPHONEOS_DEPLOYMENT_TARGET = 8.0;
				LD_RUNPATH_SEARCH_PATHS = "$(inherited) @executable_path/Frameworks @loader_path/Frameworks";
				MACH_O_TYPE = staticlib;
				MODULEMAP_FILE = "Extensions/IOS/Supporting Files/module.modulemap";
				PRODUCT_BUNDLE_IDENTIFIER = io.getlime.lib.PowerAuth2ForExtensions;
				PRODUCT_NAME = "$(TARGET_NAME:c99extidentifier)";
				SKIP_INSTALL = YES;
				SWIFT_VERSION = 4.0;
				TARGETED_DEVICE_FAMILY = "1,2";
				VERSIONING_SYSTEM = "apple-generic";
				VERSION_INFO_PREFIX = "";
			};
			name = Release;
		};
		BF7D503D1FDF03EB00200119 /* Debug */ = {
			isa = XCBuildConfiguration;
			buildSettings = {
				ALWAYS_SEARCH_USER_PATHS = NO;
				CLANG_ANALYZER_NONNULL = YES;
				CLANG_ANALYZER_NUMBER_OBJECT_CONVERSION = YES_AGGRESSIVE;
				CLANG_CXX_LANGUAGE_STANDARD = "gnu++14";
				CLANG_CXX_LIBRARY = "libc++";
				CLANG_ENABLE_MODULES = YES;
				CLANG_ENABLE_OBJC_ARC = YES;
				CLANG_WARN_BLOCK_CAPTURE_AUTORELEASING = YES;
				CLANG_WARN_BOOL_CONVERSION = YES;
				CLANG_WARN_COMMA = YES;
				CLANG_WARN_CONSTANT_CONVERSION = YES;
				CLANG_WARN_DIRECT_OBJC_ISA_USAGE = YES_ERROR;
				CLANG_WARN_DOCUMENTATION_COMMENTS = YES;
				CLANG_WARN_EMPTY_BODY = YES;
				CLANG_WARN_ENUM_CONVERSION = YES;
				CLANG_WARN_INFINITE_RECURSION = YES;
				CLANG_WARN_INT_CONVERSION = YES;
				CLANG_WARN_NON_LITERAL_NULL_CONVERSION = YES;
				CLANG_WARN_OBJC_LITERAL_CONVERSION = YES;
				CLANG_WARN_OBJC_ROOT_CLASS = YES_ERROR;
				CLANG_WARN_RANGE_LOOP_ANALYSIS = YES;
				CLANG_WARN_STRICT_PROTOTYPES = YES;
				CLANG_WARN_SUSPICIOUS_MOVE = YES;
				CLANG_WARN_UNGUARDED_AVAILABILITY = YES_AGGRESSIVE;
				CLANG_WARN_UNREACHABLE_CODE = YES;
				CLANG_WARN__DUPLICATE_METHOD_MATCH = YES;
				CODE_SIGN_IDENTITY = "iPhone Developer";
				COPY_PHASE_STRIP = NO;
				DEBUG_INFORMATION_FORMAT = dwarf;
				ENABLE_STRICT_OBJC_MSGSEND = YES;
				ENABLE_TESTABILITY = YES;
				GCC_C_LANGUAGE_STANDARD = gnu11;
				GCC_DYNAMIC_NO_PIC = NO;
				GCC_NO_COMMON_BLOCKS = YES;
				GCC_OPTIMIZATION_LEVEL = 0;
				GCC_PREPROCESSOR_DEFINITIONS = (
					"DEBUG=1",
					"PA2_EXTENSION_SDK=1",
					"$(inherited)",
				);
				GCC_WARN_64_TO_32_BIT_CONVERSION = YES;
				GCC_WARN_ABOUT_RETURN_TYPE = YES_ERROR;
				GCC_WARN_UNDECLARED_SELECTOR = YES;
				GCC_WARN_UNINITIALIZED_AUTOS = YES_AGGRESSIVE;
				GCC_WARN_UNUSED_FUNCTION = YES;
				GCC_WARN_UNUSED_VARIABLE = YES;
				IPHONEOS_DEPLOYMENT_TARGET = 10.0;
				MTL_ENABLE_DEBUG_INFO = YES;
				ONLY_ACTIVE_ARCH = YES;
				SDKROOT = iphoneos;
			};
			name = Debug;
		};
		BF7D503E1FDF03EB00200119 /* Release */ = {
			isa = XCBuildConfiguration;
			buildSettings = {
				ALWAYS_SEARCH_USER_PATHS = NO;
				CLANG_ANALYZER_NONNULL = YES;
				CLANG_ANALYZER_NUMBER_OBJECT_CONVERSION = YES_AGGRESSIVE;
				CLANG_CXX_LANGUAGE_STANDARD = "gnu++14";
				CLANG_CXX_LIBRARY = "libc++";
				CLANG_ENABLE_MODULES = YES;
				CLANG_ENABLE_OBJC_ARC = YES;
				CLANG_WARN_BLOCK_CAPTURE_AUTORELEASING = YES;
				CLANG_WARN_BOOL_CONVERSION = YES;
				CLANG_WARN_COMMA = YES;
				CLANG_WARN_CONSTANT_CONVERSION = YES;
				CLANG_WARN_DIRECT_OBJC_ISA_USAGE = YES_ERROR;
				CLANG_WARN_DOCUMENTATION_COMMENTS = YES;
				CLANG_WARN_EMPTY_BODY = YES;
				CLANG_WARN_ENUM_CONVERSION = YES;
				CLANG_WARN_INFINITE_RECURSION = YES;
				CLANG_WARN_INT_CONVERSION = YES;
				CLANG_WARN_NON_LITERAL_NULL_CONVERSION = YES;
				CLANG_WARN_OBJC_LITERAL_CONVERSION = YES;
				CLANG_WARN_OBJC_ROOT_CLASS = YES_ERROR;
				CLANG_WARN_RANGE_LOOP_ANALYSIS = YES;
				CLANG_WARN_STRICT_PROTOTYPES = YES;
				CLANG_WARN_SUSPICIOUS_MOVE = YES;
				CLANG_WARN_UNGUARDED_AVAILABILITY = YES_AGGRESSIVE;
				CLANG_WARN_UNREACHABLE_CODE = YES;
				CLANG_WARN__DUPLICATE_METHOD_MATCH = YES;
				CODE_SIGN_IDENTITY = "iPhone Developer";
				COPY_PHASE_STRIP = NO;
				DEBUG_INFORMATION_FORMAT = "dwarf-with-dsym";
				ENABLE_NS_ASSERTIONS = NO;
				ENABLE_STRICT_OBJC_MSGSEND = YES;
				GCC_C_LANGUAGE_STANDARD = gnu11;
				GCC_NO_COMMON_BLOCKS = YES;
				GCC_PREPROCESSOR_DEFINITIONS = "PA2_EXTENSION_SDK=1";
				GCC_WARN_64_TO_32_BIT_CONVERSION = YES;
				GCC_WARN_ABOUT_RETURN_TYPE = YES_ERROR;
				GCC_WARN_UNDECLARED_SELECTOR = YES;
				GCC_WARN_UNINITIALIZED_AUTOS = YES_AGGRESSIVE;
				GCC_WARN_UNUSED_FUNCTION = YES;
				GCC_WARN_UNUSED_VARIABLE = YES;
				IPHONEOS_DEPLOYMENT_TARGET = 10.0;
				MTL_ENABLE_DEBUG_INFO = NO;
				SDKROOT = iphoneos;
				VALIDATE_PRODUCT = YES;
			};
			name = Release;
		};
		BFA0E26F200CF28A0011F0A6 /* Debug */ = {
			isa = XCBuildConfiguration;
			buildSettings = {
				APPLICATION_EXTENSION_API_ONLY = YES;
				CODE_SIGN_IDENTITY = "";
				CODE_SIGN_STYLE = Automatic;
				CURRENT_PROJECT_VERSION = 1;
				DEFINES_MODULE = YES;
				DEVELOPMENT_TEAM = KTT9G859MR;
				DYLIB_COMPATIBILITY_VERSION = 1;
				DYLIB_CURRENT_VERSION = 1;
				DYLIB_INSTALL_NAME_BASE = "@rpath";
				GCC_PREPROCESSOR_DEFINITIONS = (
					"$(inherited)",
					"PA2_WATCH_SDK=1",
				);
				INFOPLIST_FILE = "Extensions/WatchOS/Supporting Files/Info.plist";
				INSTALL_PATH = "$(LOCAL_LIBRARY_DIR)/Frameworks";
				IPHONEOS_DEPLOYMENT_TARGET = 8.0;
				LD_RUNPATH_SEARCH_PATHS = "$(inherited) @executable_path/Frameworks @loader_path/Frameworks";
				MACH_O_TYPE = staticlib;
				MODULEMAP_FILE = "Extensions/WatchOS/Supporting Files/module.modulemap";
				PRODUCT_BUNDLE_IDENTIFIER = io.getlime.lib.PowerAuth2ForWatch;
				PRODUCT_NAME = "$(TARGET_NAME:c99extidentifier)";
				SDKROOT = watchos;
				SKIP_INSTALL = YES;
				TARGETED_DEVICE_FAMILY = 4;
				VERSIONING_SYSTEM = "apple-generic";
				VERSION_INFO_PREFIX = "";
				WATCHOS_DEPLOYMENT_TARGET = 2.0;
			};
			name = Debug;
		};
		BFA0E270200CF28A0011F0A6 /* Release */ = {
			isa = XCBuildConfiguration;
			buildSettings = {
				APPLICATION_EXTENSION_API_ONLY = YES;
				CODE_SIGN_IDENTITY = "";
				CODE_SIGN_STYLE = Automatic;
				CURRENT_PROJECT_VERSION = 1;
				DEFINES_MODULE = YES;
				DEVELOPMENT_TEAM = KTT9G859MR;
				DYLIB_COMPATIBILITY_VERSION = 1;
				DYLIB_CURRENT_VERSION = 1;
				DYLIB_INSTALL_NAME_BASE = "@rpath";
				GCC_PREPROCESSOR_DEFINITIONS = (
					"$(inherited)",
					"PA2_WATCH_SDK=1",
				);
				INFOPLIST_FILE = "Extensions/WatchOS/Supporting Files/Info.plist";
				INSTALL_PATH = "$(LOCAL_LIBRARY_DIR)/Frameworks";
				IPHONEOS_DEPLOYMENT_TARGET = 8.0;
				LD_RUNPATH_SEARCH_PATHS = "$(inherited) @executable_path/Frameworks @loader_path/Frameworks";
				MACH_O_TYPE = staticlib;
				MODULEMAP_FILE = "Extensions/WatchOS/Supporting Files/module.modulemap";
				PRODUCT_BUNDLE_IDENTIFIER = io.getlime.lib.PowerAuth2ForWatch;
				PRODUCT_NAME = "$(TARGET_NAME:c99extidentifier)";
				SDKROOT = watchos;
				SKIP_INSTALL = YES;
				TARGETED_DEVICE_FAMILY = 4;
				VERSIONING_SYSTEM = "apple-generic";
				VERSION_INFO_PREFIX = "";
				WATCHOS_DEPLOYMENT_TARGET = 2.0;
			};
			name = Release;
		};
/* End XCBuildConfiguration section */

/* Begin XCConfigurationList section */
		BF5491DB1FFFB9220036DB9E /* Build configuration list for PBXNativeTarget "PowerAuth2ForExtensions" */ = {
			isa = XCConfigurationList;
			buildConfigurations = (
				BF5491D91FFFB9220036DB9E /* Debug */,
				BF5491DA1FFFB9220036DB9E /* Release */,
			);
			defaultConfigurationIsVisible = 0;
			defaultConfigurationName = Release;
		};
		BF7D50311FDF03EB00200119 /* Build configuration list for PBXProject "PowerAuthExtensionSdk" */ = {
			isa = XCConfigurationList;
			buildConfigurations = (
				BF7D503D1FDF03EB00200119 /* Debug */,
				BF7D503E1FDF03EB00200119 /* Release */,
			);
			defaultConfigurationIsVisible = 0;
			defaultConfigurationName = Release;
		};
		BFA0E26E200CF28A0011F0A6 /* Build configuration list for PBXNativeTarget "PowerAuth2ForWatch" */ = {
			isa = XCConfigurationList;
			buildConfigurations = (
				BFA0E26F200CF28A0011F0A6 /* Debug */,
				BFA0E270200CF28A0011F0A6 /* Release */,
			);
			defaultConfigurationIsVisible = 0;
			defaultConfigurationName = Release;
		};
/* End XCConfigurationList section */
	};
	rootObject = BF7D502E1FDF03EB00200119 /* Project object */;
}
